// !$*UTF8*$!
{
	archiveVersion = 1;
	classes = {
	};
	objectVersion = 56;
	objects = {

/* Begin PBXBuildFile section */
		89083D6A2A75E42C0077264F /* SubscriptionViewModel.swift in Sources */ = {isa = PBXBuildFile; fileRef = 89083D692A75E42C0077264F /* SubscriptionViewModel.swift */; };
		8908ADA82AD2F28300BC485B /* Session.swift in Sources */ = {isa = PBXBuildFile; fileRef = 8908ADA72AD2F28300BC485B /* Session.swift */; };
		8908ADAA2AD4B1D700BC485B /* F6452BE8-8F9E-4F1A-BD85-D5BD3F794317_4_5005_c.jpeg in Resources */ = {isa = PBXBuildFile; fileRef = 8908ADA92AD4B1D700BC485B /* F6452BE8-8F9E-4F1A-BD85-D5BD3F794317_4_5005_c.jpeg */; };
		891D92152ACBEF5900B9EECA /* BlueprintStorageNotificationView.swift in Sources */ = {isa = PBXBuildFile; fileRef = 891D92142ACBEF5900B9EECA /* BlueprintStorageNotificationView.swift */; };
		891D92172ACC83D700B9EECA /* InventoryNotificationView.swift in Sources */ = {isa = PBXBuildFile; fileRef = 891D92162ACC83D700B9EECA /* InventoryNotificationView.swift */; };
		89245DC82A749DF100930D1D /* PortalView.swift in Sources */ = {isa = PBXBuildFile; fileRef = 89245DC72A749DF100930D1D /* PortalView.swift */; };
		8933F6D52A71F9DC007BF3A4 /* Sunlight.skybox in Resources */ = {isa = PBXBuildFile; fileRef = 8933F6D42A71F9DC007BF3A4 /* Sunlight.skybox */; };
		894F98112A5C644C00E3E25D /* PortalsListView.swift in Sources */ = {isa = PBXBuildFile; fileRef = 894F98102A5C644C00E3E25D /* PortalsListView.swift */; };
		8950F37E2A8EBCE90009D9EB /* OnboardingManager.swift in Sources */ = {isa = PBXBuildFile; fileRef = 8950F37D2A8EBCE90009D9EB /* OnboardingManager.swift */; };
		895343442A9B81140036B877 /* OnboardingFinishView.swift in Sources */ = {isa = PBXBuildFile; fileRef = 895343432A9B81140036B877 /* OnboardingFinishView.swift */; };
		895343462A9C16E20036B877 /* OnboardingNotesView.swift in Sources */ = {isa = PBXBuildFile; fileRef = 895343452A9C16E20036B877 /* OnboardingNotesView.swift */; };
		8959F6872A7C50DA00AB3F5C /* LegacyTextField.swift in Sources */ = {isa = PBXBuildFile; fileRef = 8959F6862A7C50DA00AB3F5C /* LegacyTextField.swift */; };
		896118F02A7861A0006A84C0 /* EditBlueprintPasswordView.swift in Sources */ = {isa = PBXBuildFile; fileRef = 896118EF2A7861A0006A84C0 /* EditBlueprintPasswordView.swift */; };
		896118F22A786480006A84C0 /* EnterBlueprintPasswordView.swift in Sources */ = {isa = PBXBuildFile; fileRef = 896118F12A786480006A84C0 /* EnterBlueprintPasswordView.swift */; };
		896118F42A786609006A84C0 /* EditBlueprintNameView.swift in Sources */ = {isa = PBXBuildFile; fileRef = 896118F32A786609006A84C0 /* EditBlueprintNameView.swift */; };
		896254DA2A7189CC00B448FC /* HomeModuleCard.swift in Sources */ = {isa = PBXBuildFile; fileRef = 896254D92A7189CC00B448FC /* HomeModuleCard.swift */; };
		896F13362ACCEAB1007733D3 /* FirebaseAuth in Frameworks */ = {isa = PBXBuildFile; productRef = 896F13352ACCEAB1007733D3 /* FirebaseAuth */; };
		896F13382ACCEAB1007733D3 /* FirebaseFirestore in Frameworks */ = {isa = PBXBuildFile; productRef = 896F13372ACCEAB1007733D3 /* FirebaseFirestore */; };
		896F133A2ACCEAB1007733D3 /* FirebaseFirestoreSwift in Frameworks */ = {isa = PBXBuildFile; productRef = 896F13392ACCEAB1007733D3 /* FirebaseFirestoreSwift */; };
		896F133C2ACCEAB1007733D3 /* FirebaseStorage in Frameworks */ = {isa = PBXBuildFile; productRef = 896F133B2ACCEAB1007733D3 /* FirebaseStorage */; };
		896F133E2ACDAF95007733D3 /* ObjectsNotificationView.swift in Sources */ = {isa = PBXBuildFile; fileRef = 896F133D2ACDAF95007733D3 /* ObjectsNotificationView.swift */; };
		8971B4852A8D696D00F682F5 /* ChecklistView.swift in Sources */ = {isa = PBXBuildFile; fileRef = 8971B4842A8D696D00F682F5 /* ChecklistView.swift */; };
		897A9F8E2A69E288000838BA /* GoogleService-Info.plist in Resources */ = {isa = PBXBuildFile; fileRef = 897A9F8D2A69E288000838BA /* GoogleService-Info.plist */; };
		897E17EB2AB0A27C008CCFC3 /* Geohasher in Frameworks */ = {isa = PBXBuildFile; productRef = 897E17EA2AB0A27C008CCFC3 /* Geohasher */; };
		897E17ED2AB0AB42008CCFC3 /* BlueprintSelection.swift in Sources */ = {isa = PBXBuildFile; fileRef = 897E17EC2AB0AB42008CCFC3 /* BlueprintSelection.swift */; };
		897E17EF2AB0E7FD008CCFC3 /* Note.swift in Sources */ = {isa = PBXBuildFile; fileRef = 897E17EE2AB0E7FD008CCFC3 /* Note.swift */; };
		897E17F12ABB248C008CCFC3 /* Test.swift in Sources */ = {isa = PBXBuildFile; fileRef = 897E17F02ABB248C008CCFC3 /* Test.swift */; };
		897E17F32ABB5B0A008CCFC3 /* TimerManager.swift in Sources */ = {isa = PBXBuildFile; fileRef = 897E17F22ABB5B0A008CCFC3 /* TimerManager.swift */; };
		897E17F52ABC7636008CCFC3 /* UserSubscriptionView.swift in Sources */ = {isa = PBXBuildFile; fileRef = 897E17F42ABC7636008CCFC3 /* UserSubscriptionView.swift */; };
		897E17F72ABD0909008CCFC3 /* ReportProblemView.swift in Sources */ = {isa = PBXBuildFile; fileRef = 897E17F62ABD0909008CCFC3 /* ReportProblemView.swift */; };
		897E17F92ABF7469008CCFC3 /* BillingView.swift in Sources */ = {isa = PBXBuildFile; fileRef = 897E17F82ABF7469008CCFC3 /* BillingView.swift */; };
		897E17FB2AC4884B008CCFC3 /* bryan-goff-IuyhXAia8EA-unsplash.jpg in Resources */ = {isa = PBXBuildFile; fileRef = 897E17FA2AC4884B008CCFC3 /* bryan-goff-IuyhXAia8EA-unsplash.jpg */; };
		897E17FD2AC4C9F6008CCFC3 /* 360_vr_master_series___free_download___crystal_shower_falls (2160p).mp4 in Resources */ = {isa = PBXBuildFile; fileRef = 897E17FC2AC4C9F5008CCFC3 /* 360_vr_master_series___free_download___crystal_shower_falls (2160p).mp4 */; };
		897E18002AC5C08B008CCFC3 /* InteractiveObject.swift in Sources */ = {isa = PBXBuildFile; fileRef = 897E17FF2AC5C08B008CCFC3 /* InteractiveObject.swift */; };
		897E18022AC5D7C5008CCFC3 /* ARKitSessionManager.swift in Sources */ = {isa = PBXBuildFile; fileRef = 897E18012AC5D7C5008CCFC3 /* ARKitSessionManager.swift */; };
		897E18042AC67DCA008CCFC3 /* simd_float4x4+Coordinate.swift in Sources */ = {isa = PBXBuildFile; fileRef = 897E18032AC67DCA008CCFC3 /* simd_float4x4+Coordinate.swift */; };
		897E18082AC86B51008CCFC3 /* ARKitViewModel.swift in Sources */ = {isa = PBXBuildFile; fileRef = 897E18072AC86B51008CCFC3 /* ARKitViewModel.swift */; };
		898413BC2A8146A5007870FB /* EditContentNameView.swift in Sources */ = {isa = PBXBuildFile; fileRef = 898413BB2A8146A5007870FB /* EditContentNameView.swift */; };
		898413CC2A847377007870FB /* Immersiveusdz.usdz in Resources */ = {isa = PBXBuildFile; fileRef = 898413CB2A847376007870FB /* Immersiveusdz.usdz */; };
		898CE0E12A7ACF5E00EF823C /* UserBlueprintsListView.swift in Sources */ = {isa = PBXBuildFile; fileRef = 898CE0E02A7ACF5E00EF823C /* UserBlueprintsListView.swift */; };
		898CE0E32A7B2D3300EF823C /* ObjectSettingsView.swift in Sources */ = {isa = PBXBuildFile; fileRef = 898CE0E22A7B2D3300EF823C /* ObjectSettingsView.swift */; };
		898CE0E52A7B30A000EF823C /* EditContentDescriptionView.swift in Sources */ = {isa = PBXBuildFile; fileRef = 898CE0E42A7B30A000EF823C /* EditContentDescriptionView.swift */; };
		898CE0E72A7B30CE00EF823C /* EditContentPriceView.swift in Sources */ = {isa = PBXBuildFile; fileRef = 898CE0E62A7B30CE00EF823C /* EditContentPriceView.swift */; };
		898CE0E92A7C120200EF823C /* Page.swift in Sources */ = {isa = PBXBuildFile; fileRef = 898CE0E82A7C120100EF823C /* Page.swift */; };
		898CE0EB2A7C120900EF823C /* CustomSizeWindow.swift in Sources */ = {isa = PBXBuildFile; fileRef = 898CE0EA2A7C120900EF823C /* CustomSizeWindow.swift */; };
		898CE0ED2A7C121200EF823C /* OrnamentAlignment.swift in Sources */ = {isa = PBXBuildFile; fileRef = 898CE0EC2A7C121200EF823C /* OrnamentAlignment.swift */; };
		898E76C82A746C4800D13B4A /* newbeach.usdz in Resources */ = {isa = PBXBuildFile; fileRef = 898E76C72A746C4800D13B4A /* newbeach.usdz */; };
		898E76CA2A746F5D00D13B4A /* beachcube.usdz in Resources */ = {isa = PBXBuildFile; fileRef = 898E76C92A746F5D00D13B4A /* beachcube.usdz */; };
		899137212A881A3D005523FE /* InventoryFormVM.swift in Sources */ = {isa = PBXBuildFile; fileRef = 8991371F2A881A39005523FE /* InventoryFormVM.swift */; };
		899137222A881A3D005523FE /* InventoryFormView.swift in Sources */ = {isa = PBXBuildFile; fileRef = 899137202A881A3D005523FE /* InventoryFormView.swift */; };
		899137242A881A51005523FE /* InventoryItem.swift in Sources */ = {isa = PBXBuildFile; fileRef = 899137232A881A51005523FE /* InventoryItem.swift */; };
		899137262A881A61005523FE /* ImagePicker.swift in Sources */ = {isa = PBXBuildFile; fileRef = 899137252A881A61005523FE /* ImagePicker.swift */; };
		899137282A89867F005523FE /* CreditsView.swift in Sources */ = {isa = PBXBuildFile; fileRef = 899137272A89867F005523FE /* CreditsView.swift */; };
		89B779FE2A7581B400C379D3 /* VolumetricSceneDelegate.swift in Sources */ = {isa = PBXBuildFile; fileRef = 89B779FD2A7581B400C379D3 /* VolumetricSceneDelegate.swift */; };
		89B77A002A75856500C379D3 /* VVUSceneDelegate.swift in Sources */ = {isa = PBXBuildFile; fileRef = 89B779FF2A75856500C379D3 /* VVUSceneDelegate.swift */; };
		89B923402A584BF300712970 /* BlueprintSettingsView.swift in Sources */ = {isa = PBXBuildFile; fileRef = 89B9233F2A584BF300712970 /* BlueprintSettingsView.swift */; };
		89B923462A585D5400712970 /* wall.usdz in Resources */ = {isa = PBXBuildFile; fileRef = 89B923452A585D5400712970 /* wall.usdz */; };
		89CE28AA2A93A8670008CEEB /* 360_vr_master_series___free_download____pebbly_beach_headland (2160p).mp4 in Resources */ = {isa = PBXBuildFile; fileRef = 89CE28A92A93A8670008CEEB /* 360_vr_master_series___free_download____pebbly_beach_headland (2160p).mp4 */; };
		89D7447A2AA3DA03002C5318 /* StoreVM.swift in Sources */ = {isa = PBXBuildFile; fileRef = 89D744792AA3DA03002C5318 /* StoreVM.swift */; };
		89D7447C2AA4D61A002C5318 /* NotesView.swift in Sources */ = {isa = PBXBuildFile; fileRef = 89D7447B2AA4D61A002C5318 /* NotesView.swift */; };
		89D7447E2AA4D626002C5318 /* CreatedNoteView.swift in Sources */ = {isa = PBXBuildFile; fileRef = 89D7447D2AA4D626002C5318 /* CreatedNoteView.swift */; };
		89D744812AA4D67A002C5318 /* GrowingTextInputView.swift in Sources */ = {isa = PBXBuildFile; fileRef = 89D7447F2AA4D67A002C5318 /* GrowingTextInputView.swift */; };
		89D744822AA4D67A002C5318 /* TextViewWrapper.swift in Sources */ = {isa = PBXBuildFile; fileRef = 89D744802AA4D67A002C5318 /* TextViewWrapper.swift */; };
		89D744862AA4FAE8002C5318 /* SelectedPhotoView.swift in Sources */ = {isa = PBXBuildFile; fileRef = 89D744852AA4FAE8002C5318 /* SelectedPhotoView.swift */; };
		89D744882AA7B106002C5318 /* UploadPortalView.swift in Sources */ = {isa = PBXBuildFile; fileRef = 89D744872AA7B106002C5318 /* UploadPortalView.swift */; };
		89D7448A2AA7B120002C5318 /* UploadPortalVM.swift in Sources */ = {isa = PBXBuildFile; fileRef = 89D744892AA7B120002C5318 /* UploadPortalVM.swift */; };
		89D7448C2AA7EE11002C5318 /* ObjectsListView.swift in Sources */ = {isa = PBXBuildFile; fileRef = 89D7448B2AA7EE11002C5318 /* ObjectsListView.swift */; };
		89D7448E2AA7F34E002C5318 /* StoreView.swift in Sources */ = {isa = PBXBuildFile; fileRef = 89D7448D2AA7F34E002C5318 /* StoreView.swift */; };
		89D744902AA7FE31002C5318 /* PortalsLibraryListView.swift in Sources */ = {isa = PBXBuildFile; fileRef = 89D7448F2AA7FE31002C5318 /* PortalsLibraryListView.swift */; };
		89D744922AA803E7002C5318 /* ObjectsLibraryListView.swift in Sources */ = {isa = PBXBuildFile; fileRef = 89D744912AA803E7002C5318 /* ObjectsLibraryListView.swift */; };
		89D9F0D12AD82D28004727C5 /* CachedImageManager.swift in Sources */ = {isa = PBXBuildFile; fileRef = 89D9F0D02AD82D28004727C5 /* CachedImageManager.swift */; };
		89D9F0D32AD82D2D004727C5 /* DataModel.swift in Sources */ = {isa = PBXBuildFile; fileRef = 89D9F0D22AD82D2D004727C5 /* DataModel.swift */; };
		89D9F0D52AD82D3A004727C5 /* PhotoCollection.swift in Sources */ = {isa = PBXBuildFile; fileRef = 89D9F0D42AD82D3A004727C5 /* PhotoCollection.swift */; };
		89D9F0D72AD82D78004727C5 /* PhotoCollectionView.swift in Sources */ = {isa = PBXBuildFile; fileRef = 89D9F0D62AD82D78004727C5 /* PhotoCollectionView.swift */; };
		89D9F0D92AD82DDA004727C5 /* PhotoView.swift in Sources */ = {isa = PBXBuildFile; fileRef = 89D9F0D82AD82DDA004727C5 /* PhotoView.swift */; };
		89D9F0DB2AD82DF4004727C5 /* PhotoItemView.swift in Sources */ = {isa = PBXBuildFile; fileRef = 89D9F0DA2AD82DF4004727C5 /* PhotoItemView.swift */; };
		89D9F0DD2AD82E05004727C5 /* PhotoAsset.swift in Sources */ = {isa = PBXBuildFile; fileRef = 89D9F0DC2AD82E05004727C5 /* PhotoAsset.swift */; };
		89D9F0E02AD82E93004727C5 /* PhotoAssetCollection.swift in Sources */ = {isa = PBXBuildFile; fileRef = 89D9F0DF2AD82E93004727C5 /* PhotoAssetCollection.swift */; };
		89D9F0E22AD82E9B004727C5 /* PhotoLibrary.swift in Sources */ = {isa = PBXBuildFile; fileRef = 89D9F0E12AD82E9B004727C5 /* PhotoLibrary.swift */; };
		89D9F0E42AD82EAA004727C5 /* Camera.swift in Sources */ = {isa = PBXBuildFile; fileRef = 89D9F0E32AD82EAA004727C5 /* Camera.swift */; };
		89D9F0E62AD9C0D4004727C5 /* ObjectWebsiteView.swift in Sources */ = {isa = PBXBuildFile; fileRef = 89D9F0E52AD9C0D4004727C5 /* ObjectWebsiteView.swift */; };
		89D9F0E82ADCAB0C004727C5 /* CommunityBlueprintsView.swift in Sources */ = {isa = PBXBuildFile; fileRef = 89D9F0E72ADCAB0C004727C5 /* CommunityBlueprintsView.swift */; };
		89D9F0EF2ADEE3DD004727C5 /* Photo.swift in Sources */ = {isa = PBXBuildFile; fileRef = 89D9F0EE2ADEE3DD004727C5 /* Photo.swift */; };
		89D9F0F12AE17974004727C5 /* crystal_shower_falls.mp3 in Resources */ = {isa = PBXBuildFile; fileRef = 89D9F0F02AE17974004727C5 /* crystal_shower_falls.mp3 */; };
		89D9F0F92AE707F8004727C5 /* ConnectToBlueprintNotificationView.swift in Sources */ = {isa = PBXBuildFile; fileRef = 89D9F0F82AE707F8004727C5 /* ConnectToBlueprintNotificationView.swift */; };
		89E67F732A71C08700EE00F5 /* PortalProfileView.swift in Sources */ = {isa = PBXBuildFile; fileRef = 89E67F722A71C08700EE00F5 /* PortalProfileView.swift */; };
		89E67F822A71C86500EE00F5 /* VolumetricPortalView.swift in Sources */ = {isa = PBXBuildFile; fileRef = 89E67F812A71C86500EE00F5 /* VolumetricPortalView.swift */; };
		89EB09552A97AB5D0013211B /* MinimizedTabBarView.swift in Sources */ = {isa = PBXBuildFile; fileRef = 89EB09542A97AB5D0013211B /* MinimizedTabBarView.swift */; };
		89EB09572A97ABE10013211B /* MinimizedBlueprintView.swift in Sources */ = {isa = PBXBuildFile; fileRef = 89EB09562A97ABE10013211B /* MinimizedBlueprintView.swift */; };
		89EB09592A97C31F0013211B /* OnboardingView.swift in Sources */ = {isa = PBXBuildFile; fileRef = 89EB09582A97C31F0013211B /* OnboardingView.swift */; };
		89EB095B2A97CF890013211B /* WelcomeView.swift in Sources */ = {isa = PBXBuildFile; fileRef = 89EB095A2A97CF890013211B /* WelcomeView.swift */; };
		89EB095F2A995E7D0013211B /* OnboardingPortalView.swift in Sources */ = {isa = PBXBuildFile; fileRef = 89EB095E2A995E7D0013211B /* OnboardingPortalView.swift */; };
		89EB09612A9A5DA30013211B /* OnboardingObjectView.swift in Sources */ = {isa = PBXBuildFile; fileRef = 89EB09602A9A5DA20013211B /* OnboardingObjectView.swift */; };
		89F185B42A94ED9300B17D18 /* newocclusion.usdz in Resources */ = {isa = PBXBuildFile; fileRef = 89F185B32A94ED9300B17D18 /* newocclusion.usdz */; };
		89F185B62A950E3800B17D18 /* Portal.swift in Sources */ = {isa = PBXBuildFile; fileRef = 89F185B52A950E3800B17D18 /* Portal.swift */; };
		89F185C12A957C0200B17D18 /* BlueprintsView.swift in Sources */ = {isa = PBXBuildFile; fileRef = 89F185C02A957C0200B17D18 /* BlueprintsView.swift */; };
		89F185C32A957C5D00B17D18 /* InventoryView.swift in Sources */ = {isa = PBXBuildFile; fileRef = 89F185C22A957C5D00B17D18 /* InventoryView.swift */; };
		89F185C52A96538A00B17D18 /* TabBarView.swift in Sources */ = {isa = PBXBuildFile; fileRef = 89F185C42A96538A00B17D18 /* TabBarView.swift */; };
		89F185C72A966B1900B17D18 /* PhotoLibraryView.swift in Sources */ = {isa = PBXBuildFile; fileRef = 89F185C62A966B1900B17D18 /* PhotoLibraryView.swift */; };
		89F22EDB2A5F1D9D00918396 /* tower_bridge.mp4 in Resources */ = {isa = PBXBuildFile; fileRef = 89F22EDA2A5F1D9D00918396 /* tower_bridge.mp4 */; };
		89F22EE12A5F4BF600918396 /* César - Louvre Museum.usdz in Resources */ = {isa = PBXBuildFile; fileRef = 89F22EE02A5F4BF600918396 /* César - Louvre Museum.usdz */; };
		89FBFE902AABD6F200570CEF /* EditTabBarView.swift in Sources */ = {isa = PBXBuildFile; fileRef = 89FBFE8F2AABD6F200570CEF /* EditTabBarView.swift */; };
		EA37BDAB2A508AD80038EF61 /* DragRotationModifier.swift in Sources */ = {isa = PBXBuildFile; fileRef = EA37BDA82A508AD30038EF61 /* DragRotationModifier.swift */; };
		EA37BDAC2A508AD80038EF61 /* TypeTextModifier.swift in Sources */ = {isa = PBXBuildFile; fileRef = EA37BDA92A508AD60038EF61 /* TypeTextModifier.swift */; };
		EA37BDAD2A508AD80038EF61 /* PlacementGesturesModifier.swift in Sources */ = {isa = PBXBuildFile; fileRef = EA37BDAA2A508AD80038EF61 /* PlacementGesturesModifier.swift */; };
		EA37BDAF2A5092F10038EF61 /* ObjectView.swift in Sources */ = {isa = PBXBuildFile; fileRef = EA37BDAE2A5092F10038EF61 /* ObjectView.swift */; };
		EA37BDB52A52165B0038EF61 /* HomeView.swift in Sources */ = {isa = PBXBuildFile; fileRef = EA37BDB42A52165B0038EF61 /* HomeView.swift */; };
		EA84F0CC2A4E78B10068623C /* RealityKitContent in Frameworks */ = {isa = PBXBuildFile; productRef = EA84F0CB2A4E78B10068623C /* RealityKitContent */; };
		EA84F0CE2A4E78B10068623C /* BlueprintVisionInternalApp.swift in Sources */ = {isa = PBXBuildFile; fileRef = EA84F0CD2A4E78B10068623C /* BlueprintVisionInternalApp.swift */; };
		EA84F0D22A4E78B10068623C /* ImmersiveView.swift in Sources */ = {isa = PBXBuildFile; fileRef = EA84F0D12A4E78B10068623C /* ImmersiveView.swift */; };
		EA84F0D42A4E78B20068623C /* Assets.xcassets in Resources */ = {isa = PBXBuildFile; fileRef = EA84F0D32A4E78B20068623C /* Assets.xcassets */; };
		EA84F0D72A4E78B20068623C /* Preview Assets.xcassets in Resources */ = {isa = PBXBuildFile; fileRef = EA84F0D62A4E78B20068623C /* Preview Assets.xcassets */; };
		EA84F0E12A4E78B20068623C /* BlueprintVisionInternalTests.swift in Sources */ = {isa = PBXBuildFile; fileRef = EA84F0E02A4E78B20068623C /* BlueprintVisionInternalTests.swift */; };
		EA84F0F62A4E7A5A0068623C /* LaunchView.swift in Sources */ = {isa = PBXBuildFile; fileRef = EA84F0F52A4E7A5A0068623C /* LaunchView.swift */; };
		EA84F0FC2A4E7A7E0068623C /* PlaceBlueprintInstructionsView.swift in Sources */ = {isa = PBXBuildFile; fileRef = EA84F0FA2A4E7A7E0068623C /* PlaceBlueprintInstructionsView.swift */; };
		EA84F0FD2A4E7A7E0068623C /* VolumetricObjectView.swift in Sources */ = {isa = PBXBuildFile; fileRef = EA84F0FB2A4E7A7E0068623C /* VolumetricObjectView.swift */; };
		EA84F10A2A4E7AB00068623C /* ObjectProfileView.swift in Sources */ = {isa = PBXBuildFile; fileRef = EA84F1012A4E7AB00068623C /* ObjectProfileView.swift */; };
		EA84F10B2A4E7AB00068623C /* UserSettingsView.swift in Sources */ = {isa = PBXBuildFile; fileRef = EA84F1022A4E7AB00068623C /* UserSettingsView.swift */; };
		EA84F10D2A4E7AB00068623C /* UserProfileView.swift in Sources */ = {isa = PBXBuildFile; fileRef = EA84F1042A4E7AB00068623C /* UserProfileView.swift */; };
		EA84F10E2A4E7AB00068623C /* EditUserProfileView.swift in Sources */ = {isa = PBXBuildFile; fileRef = EA84F1052A4E7AB00068623C /* EditUserProfileView.swift */; };
		EA84F1102A4E7AB00068623C /* EditBlueprintView.swift in Sources */ = {isa = PBXBuildFile; fileRef = EA84F1072A4E7AB00068623C /* EditBlueprintView.swift */; };
		EA84F1112A4E7AB00068623C /* SearchView.swift in Sources */ = {isa = PBXBuildFile; fileRef = EA84F1082A4E7AB00068623C /* SearchView.swift */; };
		EA84F1182A4E7AC90068623C /* ForgotPasswordView.swift in Sources */ = {isa = PBXBuildFile; fileRef = EA84F1132A4E7AC90068623C /* ForgotPasswordView.swift */; };
		EA84F1192A4E7AC90068623C /* CreateAccountView.swift in Sources */ = {isa = PBXBuildFile; fileRef = EA84F1142A4E7AC90068623C /* CreateAccountView.swift */; };
		EA84F11A2A4E7AC90068623C /* LogInView.swift in Sources */ = {isa = PBXBuildFile; fileRef = EA84F1152A4E7AC90068623C /* LogInView.swift */; };
		EA84F11B2A4E7AC90068623C /* CreateUsernameView.swift in Sources */ = {isa = PBXBuildFile; fileRef = EA84F1162A4E7AC90068623C /* CreateUsernameView.swift */; };
		EA84F11C2A4E7AC90068623C /* SignUpView.swift in Sources */ = {isa = PBXBuildFile; fileRef = EA84F1172A4E7AC90068623C /* SignUpView.swift */; };
		EA84F11E2A4E7AD10068623C /* SubscriptionView.swift in Sources */ = {isa = PBXBuildFile; fileRef = EA84F11D2A4E7AD10068623C /* SubscriptionView.swift */; };
		EA84F1242A4E7B040068623C /* FirebaseStorageHelper.swift in Sources */ = {isa = PBXBuildFile; fileRef = EA84F1202A4E7B040068623C /* FirebaseStorageHelper.swift */; };
		EA84F1252A4E7B040068623C /* FirebaseAuthHelper.swift in Sources */ = {isa = PBXBuildFile; fileRef = EA84F1212A4E7B040068623C /* FirebaseAuthHelper.swift */; };
		EA84F1262A4E7B040068623C /* FirestoreManager.swift in Sources */ = {isa = PBXBuildFile; fileRef = EA84F1222A4E7B040068623C /* FirestoreManager.swift */; };
		EA84F1272A4E7B040068623C /* StorageManager.swift in Sources */ = {isa = PBXBuildFile; fileRef = EA84F1232A4E7B040068623C /* StorageManager.swift */; };
		EA84F12F2A4E7B250068623C /* Texture.swift in Sources */ = {isa = PBXBuildFile; fileRef = EA84F1292A4E7B250068623C /* Texture.swift */; };
		EA84F1302A4E7B250068623C /* Style.swift in Sources */ = {isa = PBXBuildFile; fileRef = EA84F12A2A4E7B250068623C /* Style.swift */; };
		EA84F1312A4E7B250068623C /* Model.swift in Sources */ = {isa = PBXBuildFile; fileRef = EA84F12B2A4E7B250068623C /* Model.swift */; };
		EA84F1322A4E7B250068623C /* Anchor.swift in Sources */ = {isa = PBXBuildFile; fileRef = EA84F12C2A4E7B250068623C /* Anchor.swift */; };
		EA84F1332A4E7B250068623C /* Blueprint.swift in Sources */ = {isa = PBXBuildFile; fileRef = EA84F12D2A4E7B250068623C /* Blueprint.swift */; };
		EA84F1342A4E7B250068623C /* User.swift in Sources */ = {isa = PBXBuildFile; fileRef = EA84F12E2A4E7B250068623C /* User.swift */; };
		EA84F1462A4E7B5E0068623C /* GeneratedContentImageTableViewCell.swift in Sources */ = {isa = PBXBuildFile; fileRef = EA84F1362A4E7B5E0068623C /* GeneratedContentImageTableViewCell.swift */; };
		EA84F1472A4E7B5E0068623C /* DownloadContentTableViewCell.swift in Sources */ = {isa = PBXBuildFile; fileRef = EA84F1372A4E7B5E0068623C /* DownloadContentTableViewCell.swift */; };
		EA84F1482A4E7B5E0068623C /* CreatePersonalNetworkTableViewCell.swift in Sources */ = {isa = PBXBuildFile; fileRef = EA84F1382A4E7B5E0068623C /* CreatePersonalNetworkTableViewCell.swift */; };
		EA84F1492A4E7B5E0068623C /* ObjectInfoTableViewCell.swift in Sources */ = {isa = PBXBuildFile; fileRef = EA84F1392A4E7B5E0068623C /* ObjectInfoTableViewCell.swift */; };
		EA84F14A2A4E7B5E0068623C /* ObjectProductLinkTableViewCell.swift in Sources */ = {isa = PBXBuildFile; fileRef = EA84F13A2A4E7B5E0068623C /* ObjectProductLinkTableViewCell.swift */; };
		EA84F14B2A4E7B5E0068623C /* NetworkConnectionTableViewCell.swift in Sources */ = {isa = PBXBuildFile; fileRef = EA84F13B2A4E7B5E0068623C /* NetworkConnectionTableViewCell.swift */; };
		EA84F14C2A4E7B5E0068623C /* ObjectCreatorTableViewCell.swift in Sources */ = {isa = PBXBuildFile; fileRef = EA84F13C2A4E7B5E0068623C /* ObjectCreatorTableViewCell.swift */; };
		EA84F14D2A4E7B5E0068623C /* ObjectDescriptionTableViewCell.swift in Sources */ = {isa = PBXBuildFile; fileRef = EA84F13D2A4E7B5E0068623C /* ObjectDescriptionTableViewCell.swift */; };
		EA84F14E2A4E7B5E0068623C /* ModelCollectionViewCell.swift in Sources */ = {isa = PBXBuildFile; fileRef = EA84F13E2A4E7B5E0068623C /* ModelCollectionViewCell.swift */; };
		EA84F14F2A4E7B5E0068623C /* CategoryTableViewCell.swift in Sources */ = {isa = PBXBuildFile; fileRef = EA84F13F2A4E7B5E0068623C /* CategoryTableViewCell.swift */; };
		EA84F1502A4E7B5E0068623C /* AskToJoinTableViewCell.swift in Sources */ = {isa = PBXBuildFile; fileRef = EA84F1402A4E7B5E0068623C /* AskToJoinTableViewCell.swift */; };
		EA84F1512A4E7B5E0068623C /* ModelTableViewCell.swift in Sources */ = {isa = PBXBuildFile; fileRef = EA84F1412A4E7B5E0068623C /* ModelTableViewCell.swift */; };
		EA84F1522A4E7B5E0068623C /* NetworkTableViewCell.swift in Sources */ = {isa = PBXBuildFile; fileRef = EA84F1422A4E7B5E0068623C /* NetworkTableViewCell.swift */; };
		EA84F1532A4E7B5E0068623C /* UploadContentTableViewCell.swift in Sources */ = {isa = PBXBuildFile; fileRef = EA84F1432A4E7B5E0068623C /* UploadContentTableViewCell.swift */; };
		EA84F1542A4E7B5E0068623C /* StyleTableViewCell.swift in Sources */ = {isa = PBXBuildFile; fileRef = EA84F1442A4E7B5E0068623C /* StyleTableViewCell.swift */; };
		EA84F1552A4E7B5E0068623C /* BrowseTableViewCell.swift in Sources */ = {isa = PBXBuildFile; fileRef = EA84F1452A4E7B5E0068623C /* BrowseTableViewCell.swift */; };
		EA84F1572A4E7CBD0068623C /* Module.swift in Sources */ = {isa = PBXBuildFile; fileRef = EA84F1562A4E7CBD0068623C /* Module.swift */; };
		EA84F1592A4E7CE70068623C /* ModuleCard.swift in Sources */ = {isa = PBXBuildFile; fileRef = EA84F1582A4E7CE70068623C /* ModuleCard.swift */; };
		EA8AB91B2A539EB8008B2A3F /* CreateBlueprintView.swift in Sources */ = {isa = PBXBuildFile; fileRef = EA8AB91A2A539EB7008B2A3F /* CreateBlueprintView.swift */; };
/* End PBXBuildFile section */

/* Begin PBXContainerItemProxy section */
		EA84F0DD2A4E78B20068623C /* PBXContainerItemProxy */ = {
			isa = PBXContainerItemProxy;
			containerPortal = EA84F0BE2A4E78B10068623C /* Project object */;
			proxyType = 1;
			remoteGlobalIDString = EA84F0C52A4E78B10068623C;
			remoteInfo = BlueprintVisionInternal;
		};
/* End PBXContainerItemProxy section */

/* Begin PBXFileReference section */
		89083D692A75E42C0077264F /* SubscriptionViewModel.swift */ = {isa = PBXFileReference; lastKnownFileType = sourcecode.swift; path = SubscriptionViewModel.swift; sourceTree = "<group>"; };
		8908ADA72AD2F28300BC485B /* Session.swift */ = {isa = PBXFileReference; lastKnownFileType = sourcecode.swift; path = Session.swift; sourceTree = "<group>"; };
		8908ADA92AD4B1D700BC485B /* F6452BE8-8F9E-4F1A-BD85-D5BD3F794317_4_5005_c.jpeg */ = {isa = PBXFileReference; lastKnownFileType = image.jpeg; path = "F6452BE8-8F9E-4F1A-BD85-D5BD3F794317_4_5005_c.jpeg"; sourceTree = "<group>"; };
		891D92142ACBEF5900B9EECA /* BlueprintStorageNotificationView.swift */ = {isa = PBXFileReference; lastKnownFileType = sourcecode.swift; path = BlueprintStorageNotificationView.swift; sourceTree = "<group>"; };
		891D92162ACC83D700B9EECA /* InventoryNotificationView.swift */ = {isa = PBXFileReference; lastKnownFileType = sourcecode.swift; path = InventoryNotificationView.swift; sourceTree = "<group>"; };
		89245DC72A749DF100930D1D /* PortalView.swift */ = {isa = PBXFileReference; lastKnownFileType = sourcecode.swift; path = PortalView.swift; sourceTree = "<group>"; };
		8933F6D42A71F9DC007BF3A4 /* Sunlight.skybox */ = {isa = PBXFileReference; lastKnownFileType = file.skybox; path = Sunlight.skybox; sourceTree = "<group>"; };
		894F98102A5C644C00E3E25D /* PortalsListView.swift */ = {isa = PBXFileReference; lastKnownFileType = sourcecode.swift; path = PortalsListView.swift; sourceTree = "<group>"; };
		8950F37D2A8EBCE90009D9EB /* OnboardingManager.swift */ = {isa = PBXFileReference; lastKnownFileType = sourcecode.swift; path = OnboardingManager.swift; sourceTree = "<group>"; };
		895343432A9B81140036B877 /* OnboardingFinishView.swift */ = {isa = PBXFileReference; lastKnownFileType = sourcecode.swift; path = OnboardingFinishView.swift; sourceTree = "<group>"; };
		895343452A9C16E20036B877 /* OnboardingNotesView.swift */ = {isa = PBXFileReference; lastKnownFileType = sourcecode.swift; path = OnboardingNotesView.swift; sourceTree = "<group>"; };
		8959F6862A7C50DA00AB3F5C /* LegacyTextField.swift */ = {isa = PBXFileReference; lastKnownFileType = sourcecode.swift; path = LegacyTextField.swift; sourceTree = "<group>"; };
		896118EF2A7861A0006A84C0 /* EditBlueprintPasswordView.swift */ = {isa = PBXFileReference; lastKnownFileType = sourcecode.swift; path = EditBlueprintPasswordView.swift; sourceTree = "<group>"; };
		896118F12A786480006A84C0 /* EnterBlueprintPasswordView.swift */ = {isa = PBXFileReference; lastKnownFileType = sourcecode.swift; path = EnterBlueprintPasswordView.swift; sourceTree = "<group>"; };
		896118F32A786609006A84C0 /* EditBlueprintNameView.swift */ = {isa = PBXFileReference; lastKnownFileType = sourcecode.swift; path = EditBlueprintNameView.swift; sourceTree = "<group>"; };
		896254D92A7189CC00B448FC /* HomeModuleCard.swift */ = {isa = PBXFileReference; lastKnownFileType = sourcecode.swift; path = HomeModuleCard.swift; sourceTree = "<group>"; };
		896F133D2ACDAF95007733D3 /* ObjectsNotificationView.swift */ = {isa = PBXFileReference; lastKnownFileType = sourcecode.swift; path = ObjectsNotificationView.swift; sourceTree = "<group>"; };
		8971B4842A8D696D00F682F5 /* ChecklistView.swift */ = {isa = PBXFileReference; lastKnownFileType = sourcecode.swift; path = ChecklistView.swift; sourceTree = "<group>"; };
		897A9F8D2A69E288000838BA /* GoogleService-Info.plist */ = {isa = PBXFileReference; fileEncoding = 4; lastKnownFileType = text.plist.xml; path = "GoogleService-Info.plist"; sourceTree = "<group>"; };
		897A9F932A69EC0F000838BA /* BlueprintVisionInternal.entitlements */ = {isa = PBXFileReference; lastKnownFileType = text.plist.entitlements; path = BlueprintVisionInternal.entitlements; sourceTree = "<group>"; };
		897E17EC2AB0AB42008CCFC3 /* BlueprintSelection.swift */ = {isa = PBXFileReference; lastKnownFileType = sourcecode.swift; path = BlueprintSelection.swift; sourceTree = "<group>"; };
		897E17EE2AB0E7FD008CCFC3 /* Note.swift */ = {isa = PBXFileReference; lastKnownFileType = sourcecode.swift; path = Note.swift; sourceTree = "<group>"; };
		897E17F02ABB248C008CCFC3 /* Test.swift */ = {isa = PBXFileReference; lastKnownFileType = sourcecode.swift; path = Test.swift; sourceTree = "<group>"; };
		897E17F22ABB5B0A008CCFC3 /* TimerManager.swift */ = {isa = PBXFileReference; lastKnownFileType = sourcecode.swift; path = TimerManager.swift; sourceTree = "<group>"; };
		897E17F42ABC7636008CCFC3 /* UserSubscriptionView.swift */ = {isa = PBXFileReference; lastKnownFileType = sourcecode.swift; path = UserSubscriptionView.swift; sourceTree = "<group>"; };
		897E17F62ABD0909008CCFC3 /* ReportProblemView.swift */ = {isa = PBXFileReference; lastKnownFileType = sourcecode.swift; path = ReportProblemView.swift; sourceTree = "<group>"; };
		897E17F82ABF7469008CCFC3 /* BillingView.swift */ = {isa = PBXFileReference; lastKnownFileType = sourcecode.swift; path = BillingView.swift; sourceTree = "<group>"; };
		897E17FA2AC4884B008CCFC3 /* bryan-goff-IuyhXAia8EA-unsplash.jpg */ = {isa = PBXFileReference; lastKnownFileType = image.jpeg; path = "bryan-goff-IuyhXAia8EA-unsplash.jpg"; sourceTree = "<group>"; };
		897E17FC2AC4C9F5008CCFC3 /* 360_vr_master_series___free_download___crystal_shower_falls (2160p).mp4 */ = {isa = PBXFileReference; lastKnownFileType = file; path = "360_vr_master_series___free_download___crystal_shower_falls (2160p).mp4"; sourceTree = "<group>"; };
		897E17FF2AC5C08B008CCFC3 /* InteractiveObject.swift */ = {isa = PBXFileReference; fileEncoding = 4; lastKnownFileType = sourcecode.swift; path = InteractiveObject.swift; sourceTree = "<group>"; };
		897E18012AC5D7C5008CCFC3 /* ARKitSessionManager.swift */ = {isa = PBXFileReference; fileEncoding = 4; lastKnownFileType = sourcecode.swift; path = ARKitSessionManager.swift; sourceTree = "<group>"; };
		897E18032AC67DCA008CCFC3 /* simd_float4x4+Coordinate.swift */ = {isa = PBXFileReference; fileEncoding = 4; lastKnownFileType = sourcecode.swift; path = "simd_float4x4+Coordinate.swift"; sourceTree = "<group>"; };
		897E18072AC86B51008CCFC3 /* ARKitViewModel.swift */ = {isa = PBXFileReference; fileEncoding = 4; lastKnownFileType = sourcecode.swift; path = ARKitViewModel.swift; sourceTree = "<group>"; };
		898413BB2A8146A5007870FB /* EditContentNameView.swift */ = {isa = PBXFileReference; lastKnownFileType = sourcecode.swift; path = EditContentNameView.swift; sourceTree = "<group>"; };
		898413CB2A847376007870FB /* Immersiveusdz.usdz */ = {isa = PBXFileReference; lastKnownFileType = file.usdz; path = Immersiveusdz.usdz; sourceTree = "<group>"; };
		898CE0E02A7ACF5E00EF823C /* UserBlueprintsListView.swift */ = {isa = PBXFileReference; lastKnownFileType = sourcecode.swift; path = UserBlueprintsListView.swift; sourceTree = "<group>"; };
		898CE0E22A7B2D3300EF823C /* ObjectSettingsView.swift */ = {isa = PBXFileReference; lastKnownFileType = sourcecode.swift; path = ObjectSettingsView.swift; sourceTree = "<group>"; };
		898CE0E42A7B30A000EF823C /* EditContentDescriptionView.swift */ = {isa = PBXFileReference; lastKnownFileType = sourcecode.swift; path = EditContentDescriptionView.swift; sourceTree = "<group>"; };
		898CE0E62A7B30CE00EF823C /* EditContentPriceView.swift */ = {isa = PBXFileReference; lastKnownFileType = sourcecode.swift; path = EditContentPriceView.swift; sourceTree = "<group>"; };
		898CE0E82A7C120100EF823C /* Page.swift */ = {isa = PBXFileReference; fileEncoding = 4; lastKnownFileType = sourcecode.swift; path = Page.swift; sourceTree = "<group>"; };
		898CE0EA2A7C120900EF823C /* CustomSizeWindow.swift */ = {isa = PBXFileReference; fileEncoding = 4; lastKnownFileType = sourcecode.swift; path = CustomSizeWindow.swift; sourceTree = "<group>"; };
		898CE0EC2A7C121200EF823C /* OrnamentAlignment.swift */ = {isa = PBXFileReference; fileEncoding = 4; lastKnownFileType = sourcecode.swift; path = OrnamentAlignment.swift; sourceTree = "<group>"; };
		898E76C72A746C4800D13B4A /* newbeach.usdz */ = {isa = PBXFileReference; lastKnownFileType = file.usdz; path = newbeach.usdz; sourceTree = "<group>"; };
		898E76C92A746F5D00D13B4A /* beachcube.usdz */ = {isa = PBXFileReference; lastKnownFileType = file.usdz; path = beachcube.usdz; sourceTree = "<group>"; };
		8991371F2A881A39005523FE /* InventoryFormVM.swift */ = {isa = PBXFileReference; fileEncoding = 4; lastKnownFileType = sourcecode.swift; path = InventoryFormVM.swift; sourceTree = "<group>"; };
		899137202A881A3D005523FE /* InventoryFormView.swift */ = {isa = PBXFileReference; fileEncoding = 4; lastKnownFileType = sourcecode.swift; path = InventoryFormView.swift; sourceTree = "<group>"; };
		899137232A881A51005523FE /* InventoryItem.swift */ = {isa = PBXFileReference; fileEncoding = 4; lastKnownFileType = sourcecode.swift; path = InventoryItem.swift; sourceTree = "<group>"; };
		899137252A881A61005523FE /* ImagePicker.swift */ = {isa = PBXFileReference; fileEncoding = 4; lastKnownFileType = sourcecode.swift; path = ImagePicker.swift; sourceTree = "<group>"; };
		899137272A89867F005523FE /* CreditsView.swift */ = {isa = PBXFileReference; lastKnownFileType = sourcecode.swift; path = CreditsView.swift; sourceTree = "<group>"; };
		89A9F4012A5B0F4100339826 /* Info.plist */ = {isa = PBXFileReference; lastKnownFileType = text.plist; path = Info.plist; sourceTree = "<group>"; };
		89B779FD2A7581B400C379D3 /* VolumetricSceneDelegate.swift */ = {isa = PBXFileReference; lastKnownFileType = sourcecode.swift; path = VolumetricSceneDelegate.swift; sourceTree = "<group>"; };
		89B779FF2A75856500C379D3 /* VVUSceneDelegate.swift */ = {isa = PBXFileReference; fileEncoding = 4; lastKnownFileType = sourcecode.swift; path = VVUSceneDelegate.swift; sourceTree = "<group>"; };
		89B9233F2A584BF300712970 /* BlueprintSettingsView.swift */ = {isa = PBXFileReference; lastKnownFileType = sourcecode.swift; path = BlueprintSettingsView.swift; sourceTree = "<group>"; };
		89B923452A585D5400712970 /* wall.usdz */ = {isa = PBXFileReference; lastKnownFileType = file.usdz; name = wall.usdz; path = ../../wall.usdz; sourceTree = "<group>"; };
		89CE28A92A93A8670008CEEB /* 360_vr_master_series___free_download____pebbly_beach_headland (2160p).mp4 */ = {isa = PBXFileReference; lastKnownFileType = file; path = "360_vr_master_series___free_download____pebbly_beach_headland (2160p).mp4"; sourceTree = "<group>"; };
		89D744782AA3D8A2002C5318 /* product.storekit */ = {isa = PBXFileReference; lastKnownFileType = text; path = product.storekit; sourceTree = "<group>"; };
		89D744792AA3DA03002C5318 /* StoreVM.swift */ = {isa = PBXFileReference; lastKnownFileType = sourcecode.swift; path = StoreVM.swift; sourceTree = "<group>"; };
		89D7447B2AA4D61A002C5318 /* NotesView.swift */ = {isa = PBXFileReference; lastKnownFileType = sourcecode.swift; path = NotesView.swift; sourceTree = "<group>"; };
		89D7447D2AA4D626002C5318 /* CreatedNoteView.swift */ = {isa = PBXFileReference; lastKnownFileType = sourcecode.swift; path = CreatedNoteView.swift; sourceTree = "<group>"; };
		89D7447F2AA4D67A002C5318 /* GrowingTextInputView.swift */ = {isa = PBXFileReference; fileEncoding = 4; lastKnownFileType = sourcecode.swift; path = GrowingTextInputView.swift; sourceTree = "<group>"; };
		89D744802AA4D67A002C5318 /* TextViewWrapper.swift */ = {isa = PBXFileReference; fileEncoding = 4; lastKnownFileType = sourcecode.swift; path = TextViewWrapper.swift; sourceTree = "<group>"; };
		89D744852AA4FAE8002C5318 /* SelectedPhotoView.swift */ = {isa = PBXFileReference; lastKnownFileType = sourcecode.swift; path = SelectedPhotoView.swift; sourceTree = "<group>"; };
		89D744872AA7B106002C5318 /* UploadPortalView.swift */ = {isa = PBXFileReference; lastKnownFileType = sourcecode.swift; path = UploadPortalView.swift; sourceTree = "<group>"; };
		89D744892AA7B120002C5318 /* UploadPortalVM.swift */ = {isa = PBXFileReference; lastKnownFileType = sourcecode.swift; path = UploadPortalVM.swift; sourceTree = "<group>"; };
		89D7448B2AA7EE11002C5318 /* ObjectsListView.swift */ = {isa = PBXFileReference; lastKnownFileType = sourcecode.swift; path = ObjectsListView.swift; sourceTree = "<group>"; };
		89D7448D2AA7F34E002C5318 /* StoreView.swift */ = {isa = PBXFileReference; lastKnownFileType = sourcecode.swift; path = StoreView.swift; sourceTree = "<group>"; };
		89D7448F2AA7FE31002C5318 /* PortalsLibraryListView.swift */ = {isa = PBXFileReference; lastKnownFileType = sourcecode.swift; path = PortalsLibraryListView.swift; sourceTree = "<group>"; };
		89D744912AA803E7002C5318 /* ObjectsLibraryListView.swift */ = {isa = PBXFileReference; lastKnownFileType = sourcecode.swift; path = ObjectsLibraryListView.swift; sourceTree = "<group>"; };
		89D9F0D02AD82D28004727C5 /* CachedImageManager.swift */ = {isa = PBXFileReference; fileEncoding = 4; lastKnownFileType = sourcecode.swift; path = CachedImageManager.swift; sourceTree = "<group>"; };
		89D9F0D22AD82D2D004727C5 /* DataModel.swift */ = {isa = PBXFileReference; fileEncoding = 4; lastKnownFileType = sourcecode.swift; path = DataModel.swift; sourceTree = "<group>"; };
		89D9F0D42AD82D3A004727C5 /* PhotoCollection.swift */ = {isa = PBXFileReference; fileEncoding = 4; lastKnownFileType = sourcecode.swift; path = PhotoCollection.swift; sourceTree = "<group>"; };
		89D9F0D62AD82D78004727C5 /* PhotoCollectionView.swift */ = {isa = PBXFileReference; fileEncoding = 4; lastKnownFileType = sourcecode.swift; path = PhotoCollectionView.swift; sourceTree = "<group>"; };
		89D9F0D82AD82DDA004727C5 /* PhotoView.swift */ = {isa = PBXFileReference; fileEncoding = 4; lastKnownFileType = sourcecode.swift; path = PhotoView.swift; sourceTree = "<group>"; };
		89D9F0DA2AD82DF4004727C5 /* PhotoItemView.swift */ = {isa = PBXFileReference; fileEncoding = 4; lastKnownFileType = sourcecode.swift; path = PhotoItemView.swift; sourceTree = "<group>"; };
		89D9F0DC2AD82E05004727C5 /* PhotoAsset.swift */ = {isa = PBXFileReference; fileEncoding = 4; lastKnownFileType = sourcecode.swift; path = PhotoAsset.swift; sourceTree = "<group>"; };
		89D9F0DF2AD82E93004727C5 /* PhotoAssetCollection.swift */ = {isa = PBXFileReference; fileEncoding = 4; lastKnownFileType = sourcecode.swift; path = PhotoAssetCollection.swift; sourceTree = "<group>"; };
		89D9F0E12AD82E9B004727C5 /* PhotoLibrary.swift */ = {isa = PBXFileReference; fileEncoding = 4; lastKnownFileType = sourcecode.swift; path = PhotoLibrary.swift; sourceTree = "<group>"; };
		89D9F0E32AD82EAA004727C5 /* Camera.swift */ = {isa = PBXFileReference; fileEncoding = 4; lastKnownFileType = sourcecode.swift; path = Camera.swift; sourceTree = "<group>"; };
		89D9F0E52AD9C0D4004727C5 /* ObjectWebsiteView.swift */ = {isa = PBXFileReference; lastKnownFileType = sourcecode.swift; path = ObjectWebsiteView.swift; sourceTree = "<group>"; };
		89D9F0E72ADCAB0C004727C5 /* CommunityBlueprintsView.swift */ = {isa = PBXFileReference; lastKnownFileType = sourcecode.swift; path = CommunityBlueprintsView.swift; sourceTree = "<group>"; };
		89D9F0EE2ADEE3DD004727C5 /* Photo.swift */ = {isa = PBXFileReference; lastKnownFileType = sourcecode.swift; path = Photo.swift; sourceTree = "<group>"; };
		89D9F0F02AE17974004727C5 /* crystal_shower_falls.mp3 */ = {isa = PBXFileReference; lastKnownFileType = audio.mp3; path = crystal_shower_falls.mp3; sourceTree = "<group>"; };
		89D9F0F82AE707F8004727C5 /* ConnectToBlueprintNotificationView.swift */ = {isa = PBXFileReference; lastKnownFileType = sourcecode.swift; path = ConnectToBlueprintNotificationView.swift; sourceTree = "<group>"; };
		89E67F722A71C08700EE00F5 /* PortalProfileView.swift */ = {isa = PBXFileReference; lastKnownFileType = sourcecode.swift; path = PortalProfileView.swift; sourceTree = "<group>"; };
		89E67F812A71C86500EE00F5 /* VolumetricPortalView.swift */ = {isa = PBXFileReference; lastKnownFileType = sourcecode.swift; path = VolumetricPortalView.swift; sourceTree = "<group>"; };
		89EB09542A97AB5D0013211B /* MinimizedTabBarView.swift */ = {isa = PBXFileReference; lastKnownFileType = sourcecode.swift; path = MinimizedTabBarView.swift; sourceTree = "<group>"; };
		89EB09562A97ABE10013211B /* MinimizedBlueprintView.swift */ = {isa = PBXFileReference; lastKnownFileType = sourcecode.swift; path = MinimizedBlueprintView.swift; sourceTree = "<group>"; };
		89EB09582A97C31F0013211B /* OnboardingView.swift */ = {isa = PBXFileReference; lastKnownFileType = sourcecode.swift; path = OnboardingView.swift; sourceTree = "<group>"; };
		89EB095A2A97CF890013211B /* WelcomeView.swift */ = {isa = PBXFileReference; lastKnownFileType = sourcecode.swift; path = WelcomeView.swift; sourceTree = "<group>"; };
		89EB095E2A995E7D0013211B /* OnboardingPortalView.swift */ = {isa = PBXFileReference; lastKnownFileType = sourcecode.swift; path = OnboardingPortalView.swift; sourceTree = "<group>"; };
		89EB09602A9A5DA20013211B /* OnboardingObjectView.swift */ = {isa = PBXFileReference; lastKnownFileType = sourcecode.swift; path = OnboardingObjectView.swift; sourceTree = "<group>"; };
		89F185B32A94ED9300B17D18 /* newocclusion.usdz */ = {isa = PBXFileReference; lastKnownFileType = file.usdz; path = newocclusion.usdz; sourceTree = "<group>"; };
		89F185B52A950E3800B17D18 /* Portal.swift */ = {isa = PBXFileReference; lastKnownFileType = sourcecode.swift; path = Portal.swift; sourceTree = "<group>"; };
		89F185C02A957C0200B17D18 /* BlueprintsView.swift */ = {isa = PBXFileReference; lastKnownFileType = sourcecode.swift; path = BlueprintsView.swift; sourceTree = "<group>"; };
		89F185C22A957C5D00B17D18 /* InventoryView.swift */ = {isa = PBXFileReference; lastKnownFileType = sourcecode.swift; path = InventoryView.swift; sourceTree = "<group>"; };
		89F185C42A96538A00B17D18 /* TabBarView.swift */ = {isa = PBXFileReference; lastKnownFileType = sourcecode.swift; path = TabBarView.swift; sourceTree = "<group>"; };
		89F185C62A966B1900B17D18 /* PhotoLibraryView.swift */ = {isa = PBXFileReference; lastKnownFileType = sourcecode.swift; path = PhotoLibraryView.swift; sourceTree = "<group>"; };
		89F22EDA2A5F1D9D00918396 /* tower_bridge.mp4 */ = {isa = PBXFileReference; lastKnownFileType = file; name = tower_bridge.mp4; path = "../../ARVideoPortal-main/tower_bridge.mp4"; sourceTree = "<group>"; };
		89F22EE02A5F4BF600918396 /* César - Louvre Museum.usdz */ = {isa = PBXFileReference; lastKnownFileType = file.usdz; name = "César - Louvre Museum.usdz"; path = "3DContent.rkassets/César - Louvre Museum.usdz"; sourceTree = "<group>"; };
		89FBFE8F2AABD6F200570CEF /* EditTabBarView.swift */ = {isa = PBXFileReference; lastKnownFileType = sourcecode.swift; path = EditTabBarView.swift; sourceTree = "<group>"; };
		EA37BDA82A508AD30038EF61 /* DragRotationModifier.swift */ = {isa = PBXFileReference; fileEncoding = 4; lastKnownFileType = sourcecode.swift; path = DragRotationModifier.swift; sourceTree = "<group>"; };
		EA37BDA92A508AD60038EF61 /* TypeTextModifier.swift */ = {isa = PBXFileReference; fileEncoding = 4; lastKnownFileType = sourcecode.swift; path = TypeTextModifier.swift; sourceTree = "<group>"; };
		EA37BDAA2A508AD80038EF61 /* PlacementGesturesModifier.swift */ = {isa = PBXFileReference; fileEncoding = 4; lastKnownFileType = sourcecode.swift; path = PlacementGesturesModifier.swift; sourceTree = "<group>"; };
		EA37BDAE2A5092F10038EF61 /* ObjectView.swift */ = {isa = PBXFileReference; lastKnownFileType = sourcecode.swift; path = ObjectView.swift; sourceTree = "<group>"; };
		EA37BDB42A52165B0038EF61 /* HomeView.swift */ = {isa = PBXFileReference; lastKnownFileType = sourcecode.swift; path = HomeView.swift; sourceTree = "<group>"; };
		EA84F0C62A4E78B10068623C /* BlueprintVisionInternal.app */ = {isa = PBXFileReference; explicitFileType = wrapper.application; includeInIndex = 0; path = BlueprintVisionInternal.app; sourceTree = BUILT_PRODUCTS_DIR; };
		EA84F0CA2A4E78B10068623C /* RealityKitContent */ = {isa = PBXFileReference; lastKnownFileType = wrapper; path = RealityKitContent; sourceTree = "<group>"; };
		EA84F0CD2A4E78B10068623C /* BlueprintVisionInternalApp.swift */ = {isa = PBXFileReference; lastKnownFileType = sourcecode.swift; path = BlueprintVisionInternalApp.swift; sourceTree = "<group>"; };
		EA84F0D12A4E78B10068623C /* ImmersiveView.swift */ = {isa = PBXFileReference; lastKnownFileType = sourcecode.swift; path = ImmersiveView.swift; sourceTree = "<group>"; };
		EA84F0D32A4E78B20068623C /* Assets.xcassets */ = {isa = PBXFileReference; lastKnownFileType = folder.assetcatalog; path = Assets.xcassets; sourceTree = "<group>"; };
		EA84F0D62A4E78B20068623C /* Preview Assets.xcassets */ = {isa = PBXFileReference; lastKnownFileType = folder.assetcatalog; path = "Preview Assets.xcassets"; sourceTree = "<group>"; };
		EA84F0DC2A4E78B20068623C /* BlueprintVisionInternalTests.xctest */ = {isa = PBXFileReference; explicitFileType = wrapper.cfbundle; includeInIndex = 0; path = BlueprintVisionInternalTests.xctest; sourceTree = BUILT_PRODUCTS_DIR; };
		EA84F0E02A4E78B20068623C /* BlueprintVisionInternalTests.swift */ = {isa = PBXFileReference; lastKnownFileType = sourcecode.swift; path = BlueprintVisionInternalTests.swift; sourceTree = "<group>"; };
		EA84F0F52A4E7A5A0068623C /* LaunchView.swift */ = {isa = PBXFileReference; fileEncoding = 4; lastKnownFileType = sourcecode.swift; path = LaunchView.swift; sourceTree = "<group>"; };
		EA84F0FA2A4E7A7E0068623C /* PlaceBlueprintInstructionsView.swift */ = {isa = PBXFileReference; fileEncoding = 4; lastKnownFileType = sourcecode.swift; path = PlaceBlueprintInstructionsView.swift; sourceTree = "<group>"; };
		EA84F0FB2A4E7A7E0068623C /* VolumetricObjectView.swift */ = {isa = PBXFileReference; fileEncoding = 4; lastKnownFileType = sourcecode.swift; path = VolumetricObjectView.swift; sourceTree = "<group>"; };
		EA84F1012A4E7AB00068623C /* ObjectProfileView.swift */ = {isa = PBXFileReference; fileEncoding = 4; lastKnownFileType = sourcecode.swift; path = ObjectProfileView.swift; sourceTree = "<group>"; };
		EA84F1022A4E7AB00068623C /* UserSettingsView.swift */ = {isa = PBXFileReference; fileEncoding = 4; lastKnownFileType = sourcecode.swift; path = UserSettingsView.swift; sourceTree = "<group>"; };
		EA84F1042A4E7AB00068623C /* UserProfileView.swift */ = {isa = PBXFileReference; fileEncoding = 4; lastKnownFileType = sourcecode.swift; path = UserProfileView.swift; sourceTree = "<group>"; };
		EA84F1052A4E7AB00068623C /* EditUserProfileView.swift */ = {isa = PBXFileReference; fileEncoding = 4; lastKnownFileType = sourcecode.swift; path = EditUserProfileView.swift; sourceTree = "<group>"; };
		EA84F1072A4E7AB00068623C /* EditBlueprintView.swift */ = {isa = PBXFileReference; fileEncoding = 4; lastKnownFileType = sourcecode.swift; path = EditBlueprintView.swift; sourceTree = "<group>"; };
		EA84F1082A4E7AB00068623C /* SearchView.swift */ = {isa = PBXFileReference; fileEncoding = 4; lastKnownFileType = sourcecode.swift; path = SearchView.swift; sourceTree = "<group>"; };
		EA84F1132A4E7AC90068623C /* ForgotPasswordView.swift */ = {isa = PBXFileReference; fileEncoding = 4; lastKnownFileType = sourcecode.swift; path = ForgotPasswordView.swift; sourceTree = "<group>"; };
		EA84F1142A4E7AC90068623C /* CreateAccountView.swift */ = {isa = PBXFileReference; fileEncoding = 4; lastKnownFileType = sourcecode.swift; path = CreateAccountView.swift; sourceTree = "<group>"; };
		EA84F1152A4E7AC90068623C /* LogInView.swift */ = {isa = PBXFileReference; fileEncoding = 4; lastKnownFileType = sourcecode.swift; path = LogInView.swift; sourceTree = "<group>"; };
		EA84F1162A4E7AC90068623C /* CreateUsernameView.swift */ = {isa = PBXFileReference; fileEncoding = 4; lastKnownFileType = sourcecode.swift; path = CreateUsernameView.swift; sourceTree = "<group>"; };
		EA84F1172A4E7AC90068623C /* SignUpView.swift */ = {isa = PBXFileReference; fileEncoding = 4; lastKnownFileType = sourcecode.swift; path = SignUpView.swift; sourceTree = "<group>"; };
		EA84F11D2A4E7AD10068623C /* SubscriptionView.swift */ = {isa = PBXFileReference; fileEncoding = 4; lastKnownFileType = sourcecode.swift; path = SubscriptionView.swift; sourceTree = "<group>"; };
		EA84F1202A4E7B040068623C /* FirebaseStorageHelper.swift */ = {isa = PBXFileReference; fileEncoding = 4; lastKnownFileType = sourcecode.swift; path = FirebaseStorageHelper.swift; sourceTree = "<group>"; };
		EA84F1212A4E7B040068623C /* FirebaseAuthHelper.swift */ = {isa = PBXFileReference; fileEncoding = 4; lastKnownFileType = sourcecode.swift; path = FirebaseAuthHelper.swift; sourceTree = "<group>"; };
		EA84F1222A4E7B040068623C /* FirestoreManager.swift */ = {isa = PBXFileReference; fileEncoding = 4; lastKnownFileType = sourcecode.swift; path = FirestoreManager.swift; sourceTree = "<group>"; };
		EA84F1232A4E7B040068623C /* StorageManager.swift */ = {isa = PBXFileReference; fileEncoding = 4; lastKnownFileType = sourcecode.swift; path = StorageManager.swift; sourceTree = "<group>"; };
		EA84F1292A4E7B250068623C /* Texture.swift */ = {isa = PBXFileReference; fileEncoding = 4; lastKnownFileType = sourcecode.swift; path = Texture.swift; sourceTree = "<group>"; };
		EA84F12A2A4E7B250068623C /* Style.swift */ = {isa = PBXFileReference; fileEncoding = 4; lastKnownFileType = sourcecode.swift; path = Style.swift; sourceTree = "<group>"; };
		EA84F12B2A4E7B250068623C /* Model.swift */ = {isa = PBXFileReference; fileEncoding = 4; lastKnownFileType = sourcecode.swift; path = Model.swift; sourceTree = "<group>"; };
		EA84F12C2A4E7B250068623C /* Anchor.swift */ = {isa = PBXFileReference; fileEncoding = 4; lastKnownFileType = sourcecode.swift; path = Anchor.swift; sourceTree = "<group>"; };
		EA84F12D2A4E7B250068623C /* Blueprint.swift */ = {isa = PBXFileReference; fileEncoding = 4; lastKnownFileType = sourcecode.swift; path = Blueprint.swift; sourceTree = "<group>"; };
		EA84F12E2A4E7B250068623C /* User.swift */ = {isa = PBXFileReference; fileEncoding = 4; lastKnownFileType = sourcecode.swift; path = User.swift; sourceTree = "<group>"; };
		EA84F1362A4E7B5E0068623C /* GeneratedContentImageTableViewCell.swift */ = {isa = PBXFileReference; fileEncoding = 4; lastKnownFileType = sourcecode.swift; path = GeneratedContentImageTableViewCell.swift; sourceTree = "<group>"; };
		EA84F1372A4E7B5E0068623C /* DownloadContentTableViewCell.swift */ = {isa = PBXFileReference; fileEncoding = 4; lastKnownFileType = sourcecode.swift; path = DownloadContentTableViewCell.swift; sourceTree = "<group>"; };
		EA84F1382A4E7B5E0068623C /* CreatePersonalNetworkTableViewCell.swift */ = {isa = PBXFileReference; fileEncoding = 4; lastKnownFileType = sourcecode.swift; path = CreatePersonalNetworkTableViewCell.swift; sourceTree = "<group>"; };
		EA84F1392A4E7B5E0068623C /* ObjectInfoTableViewCell.swift */ = {isa = PBXFileReference; fileEncoding = 4; lastKnownFileType = sourcecode.swift; path = ObjectInfoTableViewCell.swift; sourceTree = "<group>"; };
		EA84F13A2A4E7B5E0068623C /* ObjectProductLinkTableViewCell.swift */ = {isa = PBXFileReference; fileEncoding = 4; lastKnownFileType = sourcecode.swift; path = ObjectProductLinkTableViewCell.swift; sourceTree = "<group>"; };
		EA84F13B2A4E7B5E0068623C /* NetworkConnectionTableViewCell.swift */ = {isa = PBXFileReference; fileEncoding = 4; lastKnownFileType = sourcecode.swift; path = NetworkConnectionTableViewCell.swift; sourceTree = "<group>"; };
		EA84F13C2A4E7B5E0068623C /* ObjectCreatorTableViewCell.swift */ = {isa = PBXFileReference; fileEncoding = 4; lastKnownFileType = sourcecode.swift; path = ObjectCreatorTableViewCell.swift; sourceTree = "<group>"; };
		EA84F13D2A4E7B5E0068623C /* ObjectDescriptionTableViewCell.swift */ = {isa = PBXFileReference; fileEncoding = 4; lastKnownFileType = sourcecode.swift; path = ObjectDescriptionTableViewCell.swift; sourceTree = "<group>"; };
		EA84F13E2A4E7B5E0068623C /* ModelCollectionViewCell.swift */ = {isa = PBXFileReference; fileEncoding = 4; lastKnownFileType = sourcecode.swift; path = ModelCollectionViewCell.swift; sourceTree = "<group>"; };
		EA84F13F2A4E7B5E0068623C /* CategoryTableViewCell.swift */ = {isa = PBXFileReference; fileEncoding = 4; lastKnownFileType = sourcecode.swift; path = CategoryTableViewCell.swift; sourceTree = "<group>"; };
		EA84F1402A4E7B5E0068623C /* AskToJoinTableViewCell.swift */ = {isa = PBXFileReference; fileEncoding = 4; lastKnownFileType = sourcecode.swift; path = AskToJoinTableViewCell.swift; sourceTree = "<group>"; };
		EA84F1412A4E7B5E0068623C /* ModelTableViewCell.swift */ = {isa = PBXFileReference; fileEncoding = 4; lastKnownFileType = sourcecode.swift; path = ModelTableViewCell.swift; sourceTree = "<group>"; };
		EA84F1422A4E7B5E0068623C /* NetworkTableViewCell.swift */ = {isa = PBXFileReference; fileEncoding = 4; lastKnownFileType = sourcecode.swift; path = NetworkTableViewCell.swift; sourceTree = "<group>"; };
		EA84F1432A4E7B5E0068623C /* UploadContentTableViewCell.swift */ = {isa = PBXFileReference; fileEncoding = 4; lastKnownFileType = sourcecode.swift; path = UploadContentTableViewCell.swift; sourceTree = "<group>"; };
		EA84F1442A4E7B5E0068623C /* StyleTableViewCell.swift */ = {isa = PBXFileReference; fileEncoding = 4; lastKnownFileType = sourcecode.swift; path = StyleTableViewCell.swift; sourceTree = "<group>"; };
		EA84F1452A4E7B5E0068623C /* BrowseTableViewCell.swift */ = {isa = PBXFileReference; fileEncoding = 4; lastKnownFileType = sourcecode.swift; path = BrowseTableViewCell.swift; sourceTree = "<group>"; };
		EA84F1562A4E7CBD0068623C /* Module.swift */ = {isa = PBXFileReference; fileEncoding = 4; lastKnownFileType = sourcecode.swift; path = Module.swift; sourceTree = "<group>"; };
		EA84F1582A4E7CE70068623C /* ModuleCard.swift */ = {isa = PBXFileReference; fileEncoding = 4; lastKnownFileType = sourcecode.swift; path = ModuleCard.swift; sourceTree = "<group>"; };
		EA8AB91A2A539EB7008B2A3F /* CreateBlueprintView.swift */ = {isa = PBXFileReference; lastKnownFileType = sourcecode.swift; path = CreateBlueprintView.swift; sourceTree = "<group>"; };
/* End PBXFileReference section */

/* Begin PBXFrameworksBuildPhase section */
		EA84F0C32A4E78B10068623C /* Frameworks */ = {
			isa = PBXFrameworksBuildPhase;
			buildActionMask = 2147483647;
			files = (
				896F133A2ACCEAB1007733D3 /* FirebaseFirestoreSwift in Frameworks */,
				EA84F0CC2A4E78B10068623C /* RealityKitContent in Frameworks */,
				896F13382ACCEAB1007733D3 /* FirebaseFirestore in Frameworks */,
				896F13362ACCEAB1007733D3 /* FirebaseAuth in Frameworks */,
				897E17EB2AB0A27C008CCFC3 /* Geohasher in Frameworks */,
				896F133C2ACCEAB1007733D3 /* FirebaseStorage in Frameworks */,
			);
			runOnlyForDeploymentPostprocessing = 0;
		};
		EA84F0D92A4E78B20068623C /* Frameworks */ = {
			isa = PBXFrameworksBuildPhase;
			buildActionMask = 2147483647;
			files = (
			);
			runOnlyForDeploymentPostprocessing = 0;
		};
/* End PBXFrameworksBuildPhase section */

/* Begin PBXGroup section */
		896118EE2A786167006A84C0 /* Blueprint */ = {
			isa = PBXGroup;
			children = (
				EA8AB91A2A539EB7008B2A3F /* CreateBlueprintView.swift */,
				896118F32A786609006A84C0 /* EditBlueprintNameView.swift */,
				896118EF2A7861A0006A84C0 /* EditBlueprintPasswordView.swift */,
				896118F12A786480006A84C0 /* EnterBlueprintPasswordView.swift */,
				89B9233F2A584BF300712970 /* BlueprintSettingsView.swift */,
				898CE0E02A7ACF5E00EF823C /* UserBlueprintsListView.swift */,
				89EB09562A97ABE10013211B /* MinimizedBlueprintView.swift */,
				891D92142ACBEF5900B9EECA /* BlueprintStorageNotificationView.swift */,
			);
			path = Blueprint;
			sourceTree = "<group>";
		};
		897A9F862A69DCDF000838BA /* Frameworks */ = {
			isa = PBXGroup;
			children = (
			);
			name = Frameworks;
			sourceTree = "<group>";
		};
		897E17FE2AC4FB1C008CCFC3 /* Immersive */ = {
			isa = PBXGroup;
			children = (
				897E18012AC5D7C5008CCFC3 /* ARKitSessionManager.swift */,
				897E18072AC86B51008CCFC3 /* ARKitViewModel.swift */,
			);
			path = Immersive;
			sourceTree = "<group>";
		};
		8991371E2A8819E7005523FE /* Portal Upload */ = {
			isa = PBXGroup;
			children = (
				899137202A881A3D005523FE /* InventoryFormView.swift */,
				8991371F2A881A39005523FE /* InventoryFormVM.swift */,
			);
			path = "Portal Upload";
			sourceTree = "<group>";
		};
		89D9F0CF2AD82D1B004727C5 /* Managers */ = {
			isa = PBXGroup;
			children = (
				89D9F0D42AD82D3A004727C5 /* PhotoCollection.swift */,
				89D9F0D22AD82D2D004727C5 /* DataModel.swift */,
				89D9F0D02AD82D28004727C5 /* CachedImageManager.swift */,
			);
			path = Managers;
			sourceTree = "<group>";
		};
		89D9F0DE2AD82E0C004727C5 /* Photos */ = {
			isa = PBXGroup;
			children = (
				89F185C62A966B1900B17D18 /* PhotoLibraryView.swift */,
				89D744852AA4FAE8002C5318 /* SelectedPhotoView.swift */,
				89D9F0E32AD82EAA004727C5 /* Camera.swift */,
				89D9F0DC2AD82E05004727C5 /* PhotoAsset.swift */,
				89D9F0E12AD82E9B004727C5 /* PhotoLibrary.swift */,
				89D9F0DF2AD82E93004727C5 /* PhotoAssetCollection.swift */,
				89D9F0D62AD82D78004727C5 /* PhotoCollectionView.swift */,
				89D9F0D82AD82DDA004727C5 /* PhotoView.swift */,
				89D9F0DA2AD82DF4004727C5 /* PhotoItemView.swift */,
			);
			path = Photos;
			sourceTree = "<group>";
		};
		89E67F702A71C05700EE00F5 /* Object Profile */ = {
			isa = PBXGroup;
			children = (
				EA37BDAE2A5092F10038EF61 /* ObjectView.swift */,
				EA84F1012A4E7AB00068623C /* ObjectProfileView.swift */,
				898CE0E22A7B2D3300EF823C /* ObjectSettingsView.swift */,
				898413BB2A8146A5007870FB /* EditContentNameView.swift */,
				898CE0E42A7B30A000EF823C /* EditContentDescriptionView.swift */,
				898CE0E62A7B30CE00EF823C /* EditContentPriceView.swift */,
			);
			path = "Object Profile";
			sourceTree = "<group>";
		};
		89E67F712A71C07000EE00F5 /* Portal Profile */ = {
			isa = PBXGroup;
			children = (
				89E67F722A71C08700EE00F5 /* PortalProfileView.swift */,
				89245DC72A749DF100930D1D /* PortalView.swift */,
			);
			path = "Portal Profile";
			sourceTree = "<group>";
		};
		89E67F782A71C4C900EE00F5 /* Tabs */ = {
			isa = PBXGroup;
			children = (
				89F185BF2A957B5F00B17D18 /* Inventory */,
				89E67F792A71C52E00EE00F5 /* Profile */,
				89E67F7A2A71C56C00EE00F5 /* Store */,
				89E67F7C2A71C5FE00EE00F5 /* Blueprints */,
			);
			path = Tabs;
			sourceTree = "<group>";
		};
		89E67F792A71C52E00EE00F5 /* Profile */ = {
			isa = PBXGroup;
			children = (
				EA84F1052A4E7AB00068623C /* EditUserProfileView.swift */,
				EA84F1022A4E7AB00068623C /* UserSettingsView.swift */,
				897E17F62ABD0909008CCFC3 /* ReportProblemView.swift */,
				EA84F1042A4E7AB00068623C /* UserProfileView.swift */,
			);
			path = Profile;
			sourceTree = "<group>";
		};
		89E67F7A2A71C56C00EE00F5 /* Store */ = {
			isa = PBXGroup;
			children = (
				89E67F7B2A71C5C700EE00F5 /* Portals */,
				89F185BD2A957AF500B17D18 /* Objects */,
				89D7448D2AA7F34E002C5318 /* StoreView.swift */,
			);
			path = Store;
			sourceTree = "<group>";
		};
		89E67F7B2A71C5C700EE00F5 /* Portals */ = {
			isa = PBXGroup;
			children = (
				894F98102A5C644C00E3E25D /* PortalsListView.swift */,
				89E67F812A71C86500EE00F5 /* VolumetricPortalView.swift */,
				89E67F712A71C07000EE00F5 /* Portal Profile */,
				8991371E2A8819E7005523FE /* Portal Upload */,
			);
			path = Portals;
			sourceTree = "<group>";
		};
		89E67F7C2A71C5FE00EE00F5 /* Blueprints */ = {
			isa = PBXGroup;
			children = (
				EA84F1072A4E7AB00068623C /* EditBlueprintView.swift */,
				89F185C02A957C0200B17D18 /* BlueprintsView.swift */,
				89D9F0E72ADCAB0C004727C5 /* CommunityBlueprintsView.swift */,
			);
			path = Blueprints;
			sourceTree = "<group>";
		};
		89EB09622A9A5DA90013211B /* Onboarding */ = {
			isa = PBXGroup;
			children = (
				89EB09582A97C31F0013211B /* OnboardingView.swift */,
				89EB095E2A995E7D0013211B /* OnboardingPortalView.swift */,
				89EB09602A9A5DA20013211B /* OnboardingObjectView.swift */,
				895343452A9C16E20036B877 /* OnboardingNotesView.swift */,
				895343432A9B81140036B877 /* OnboardingFinishView.swift */,
				891D92162ACC83D700B9EECA /* InventoryNotificationView.swift */,
				896F133D2ACDAF95007733D3 /* ObjectsNotificationView.swift */,
				89D9F0F82AE707F8004727C5 /* ConnectToBlueprintNotificationView.swift */,
			);
			path = Onboarding;
			sourceTree = "<group>";
		};
		89F185BD2A957AF500B17D18 /* Objects */ = {
			isa = PBXGroup;
			children = (
				EA84F1082A4E7AB00068623C /* SearchView.swift */,
				89D7448B2AA7EE11002C5318 /* ObjectsListView.swift */,
				89D9F0E52AD9C0D4004727C5 /* ObjectWebsiteView.swift */,
				89E67F702A71C05700EE00F5 /* Object Profile */,
			);
			path = Objects;
			sourceTree = "<group>";
		};
		89F185BF2A957B5F00B17D18 /* Inventory */ = {
			isa = PBXGroup;
			children = (
				89F185C22A957C5D00B17D18 /* InventoryView.swift */,
				89D9F0DE2AD82E0C004727C5 /* Photos */,
				89D7448F2AA7FE31002C5318 /* PortalsLibraryListView.swift */,
				89D744912AA803E7002C5318 /* ObjectsLibraryListView.swift */,
				89D7447B2AA4D61A002C5318 /* NotesView.swift */,
				89D7447D2AA4D626002C5318 /* CreatedNoteView.swift */,
				89D744872AA7B106002C5318 /* UploadPortalView.swift */,
				89D744892AA7B120002C5318 /* UploadPortalVM.swift */,
			);
			path = Inventory;
			sourceTree = "<group>";
		};
		EA37BDA72A508ABC0038EF61 /* Modifiers */ = {
			isa = PBXGroup;
			children = (
				EA37BDA82A508AD30038EF61 /* DragRotationModifier.swift */,
				EA37BDAA2A508AD80038EF61 /* PlacementGesturesModifier.swift */,
				897E18032AC67DCA008CCFC3 /* simd_float4x4+Coordinate.swift */,
				EA37BDA92A508AD60038EF61 /* TypeTextModifier.swift */,
				8959F6862A7C50DA00AB3F5C /* LegacyTextField.swift */,
				899137252A881A61005523FE /* ImagePicker.swift */,
				89D7447F2AA4D67A002C5318 /* GrowingTextInputView.swift */,
				89D744802AA4D67A002C5318 /* TextViewWrapper.swift */,
				897E17EC2AB0AB42008CCFC3 /* BlueprintSelection.swift */,
			);
			path = Modifiers;
			sourceTree = "<group>";
		};
		EA84F0BD2A4E78B10068623C = {
			isa = PBXGroup;
			children = (
				89D744782AA3D8A2002C5318 /* product.storekit */,
				EA84F0C82A4E78B10068623C /* BlueprintVisionInternal */,
				EA84F0C92A4E78B10068623C /* Packages */,
				EA84F0DF2A4E78B20068623C /* BlueprintVisionInternalTests */,
				EA84F0C72A4E78B10068623C /* Products */,
				897A9F862A69DCDF000838BA /* Frameworks */,
			);
			sourceTree = "<group>";
		};
		EA84F0C72A4E78B10068623C /* Products */ = {
			isa = PBXGroup;
			children = (
				EA84F0C62A4E78B10068623C /* BlueprintVisionInternal.app */,
				EA84F0DC2A4E78B20068623C /* BlueprintVisionInternalTests.xctest */,
			);
			name = Products;
			sourceTree = "<group>";
		};
		EA84F0C82A4E78B10068623C /* BlueprintVisionInternal */ = {
			isa = PBXGroup;
			children = (
				897A9F932A69EC0F000838BA /* BlueprintVisionInternal.entitlements */,
				89A9F4012A5B0F4100339826 /* Info.plist */,
				897A9F8D2A69E288000838BA /* GoogleService-Info.plist */,
				EA84F0CD2A4E78B10068623C /* BlueprintVisionInternalApp.swift */,
				89F185C42A96538A00B17D18 /* TabBarView.swift */,
				89FBFE8F2AABD6F200570CEF /* EditTabBarView.swift */,
				89EB09542A97AB5D0013211B /* MinimizedTabBarView.swift */,
				89D744792AA3DA03002C5318 /* StoreVM.swift */,
				897E17F02ABB248C008CCFC3 /* Test.swift */,
				897E17F22ABB5B0A008CCFC3 /* TimerManager.swift */,
				89EB09622A9A5DA90013211B /* Onboarding */,
				89EB095A2A97CF890013211B /* WelcomeView.swift */,
				EA84F0F42A4E7A500068623C /* Shared Space */,
				EA84F0FE2A4E7A9F0068623C /* Full Space */,
				EA84F0D12A4E78B10068623C /* ImmersiveView.swift */,
				897E17FF2AC5C08B008CCFC3 /* InteractiveObject.swift */,
				89D9F0CF2AD82D1B004727C5 /* Managers */,
				897E17FE2AC4FB1C008CCFC3 /* Immersive */,
				89F22EDA2A5F1D9D00918396 /* tower_bridge.mp4 */,
				EA37BDA72A508ABC0038EF61 /* Modifiers */,
				EA84F1352A4E7B4A0068623C /* TableViewCells */,
				EA84F1282A4E7B130068623C /* Model */,
				EA84F11F2A4E7AF90068623C /* Firebase */,
				EA84F0D32A4E78B20068623C /* Assets.xcassets */,
				89D9F0F02AE17974004727C5 /* crystal_shower_falls.mp3 */,
				897E17FC2AC4C9F5008CCFC3 /* 360_vr_master_series___free_download___crystal_shower_falls (2160p).mp4 */,
				89CE28A92A93A8670008CEEB /* 360_vr_master_series___free_download____pebbly_beach_headland (2160p).mp4 */,
				897E17FA2AC4884B008CCFC3 /* bryan-goff-IuyhXAia8EA-unsplash.jpg */,
				89F22EE02A5F4BF600918396 /* César - Louvre Museum.usdz */,
				898413CB2A847376007870FB /* Immersiveusdz.usdz */,
				8908ADA92AD4B1D700BC485B /* F6452BE8-8F9E-4F1A-BD85-D5BD3F794317_4_5005_c.jpeg */,
				89F185B32A94ED9300B17D18 /* newocclusion.usdz */,
				898E76C92A746F5D00D13B4A /* beachcube.usdz */,
				898E76C72A746C4800D13B4A /* newbeach.usdz */,
				89B923452A585D5400712970 /* wall.usdz */,
				8933F6D42A71F9DC007BF3A4 /* Sunlight.skybox */,
				EA84F0D52A4E78B20068623C /* Preview Content */,
			);
			path = BlueprintVisionInternal;
			sourceTree = "<group>";
		};
		EA84F0C92A4E78B10068623C /* Packages */ = {
			isa = PBXGroup;
			children = (
				EA84F0CA2A4E78B10068623C /* RealityKitContent */,
			);
			path = Packages;
			sourceTree = "<group>";
		};
		EA84F0D52A4E78B20068623C /* Preview Content */ = {
			isa = PBXGroup;
			children = (
				EA84F0D62A4E78B20068623C /* Preview Assets.xcassets */,
			);
			path = "Preview Content";
			sourceTree = "<group>";
		};
		EA84F0DF2A4E78B20068623C /* BlueprintVisionInternalTests */ = {
			isa = PBXGroup;
			children = (
				EA84F0E02A4E78B20068623C /* BlueprintVisionInternalTests.swift */,
			);
			path = BlueprintVisionInternalTests;
			sourceTree = "<group>";
		};
		EA84F0F42A4E7A500068623C /* Shared Space */ = {
			isa = PBXGroup;
			children = (
				EA84F0F52A4E7A5A0068623C /* LaunchView.swift */,
				896118EE2A786167006A84C0 /* Blueprint */,
				EA84F0F92A4E7A740068623C /* Roam */,
			);
			path = "Shared Space";
			sourceTree = "<group>";
		};
		EA84F0F92A4E7A740068623C /* Roam */ = {
			isa = PBXGroup;
			children = (
				EA84F0FA2A4E7A7E0068623C /* PlaceBlueprintInstructionsView.swift */,
				EA84F0FB2A4E7A7E0068623C /* VolumetricObjectView.swift */,
				89B779FF2A75856500C379D3 /* VVUSceneDelegate.swift */,
				89B779FD2A7581B400C379D3 /* VolumetricSceneDelegate.swift */,
			);
			path = Roam;
			sourceTree = "<group>";
		};
		EA84F0FE2A4E7A9F0068623C /* Full Space */ = {
			isa = PBXGroup;
			children = (
				EA84F11D2A4E7AD10068623C /* SubscriptionView.swift */,
				897E17F42ABC7636008CCFC3 /* UserSubscriptionView.swift */,
				897E17F82ABF7469008CCFC3 /* BillingView.swift */,
				899137272A89867F005523FE /* CreditsView.swift */,
				8971B4842A8D696D00F682F5 /* ChecklistView.swift */,
				EA37BDB42A52165B0038EF61 /* HomeView.swift */,
				89083D692A75E42C0077264F /* SubscriptionViewModel.swift */,
				EA84F1122A4E7ABA0068623C /* Sign Up */,
				89E67F782A71C4C900EE00F5 /* Tabs */,
			);
			path = "Full Space";
			sourceTree = "<group>";
		};
		EA84F1122A4E7ABA0068623C /* Sign Up */ = {
			isa = PBXGroup;
			children = (
				EA84F1142A4E7AC90068623C /* CreateAccountView.swift */,
				EA84F1162A4E7AC90068623C /* CreateUsernameView.swift */,
				EA84F1132A4E7AC90068623C /* ForgotPasswordView.swift */,
				EA84F1152A4E7AC90068623C /* LogInView.swift */,
				EA84F1172A4E7AC90068623C /* SignUpView.swift */,
			);
			path = "Sign Up";
			sourceTree = "<group>";
		};
		EA84F11F2A4E7AF90068623C /* Firebase */ = {
			isa = PBXGroup;
			children = (
				EA84F1212A4E7B040068623C /* FirebaseAuthHelper.swift */,
				EA84F1202A4E7B040068623C /* FirebaseStorageHelper.swift */,
				EA84F1222A4E7B040068623C /* FirestoreManager.swift */,
				EA84F1232A4E7B040068623C /* StorageManager.swift */,
			);
			path = Firebase;
			sourceTree = "<group>";
		};
		EA84F1282A4E7B130068623C /* Model */ = {
			isa = PBXGroup;
			children = (
				EA84F12C2A4E7B250068623C /* Anchor.swift */,
				EA84F12D2A4E7B250068623C /* Blueprint.swift */,
				EA84F12B2A4E7B250068623C /* Model.swift */,
				897E17EE2AB0E7FD008CCFC3 /* Note.swift */,
				89D9F0EE2ADEE3DD004727C5 /* Photo.swift */,
				89F185B52A950E3800B17D18 /* Portal.swift */,
				EA84F12A2A4E7B250068623C /* Style.swift */,
				8908ADA72AD2F28300BC485B /* Session.swift */,
				899137232A881A51005523FE /* InventoryItem.swift */,
				EA84F1292A4E7B250068623C /* Texture.swift */,
				EA84F12E2A4E7B250068623C /* User.swift */,
				EA84F1562A4E7CBD0068623C /* Module.swift */,
				EA84F1582A4E7CE70068623C /* ModuleCard.swift */,
				896254D92A7189CC00B448FC /* HomeModuleCard.swift */,
				898CE0E82A7C120100EF823C /* Page.swift */,
				898CE0EC2A7C121200EF823C /* OrnamentAlignment.swift */,
				898CE0EA2A7C120900EF823C /* CustomSizeWindow.swift */,
				8950F37D2A8EBCE90009D9EB /* OnboardingManager.swift */,
			);
			path = Model;
			sourceTree = "<group>";
		};
		EA84F1352A4E7B4A0068623C /* TableViewCells */ = {
			isa = PBXGroup;
			children = (
				EA84F1402A4E7B5E0068623C /* AskToJoinTableViewCell.swift */,
				EA84F1452A4E7B5E0068623C /* BrowseTableViewCell.swift */,
				EA84F13F2A4E7B5E0068623C /* CategoryTableViewCell.swift */,
				EA84F1382A4E7B5E0068623C /* CreatePersonalNetworkTableViewCell.swift */,
				EA84F1372A4E7B5E0068623C /* DownloadContentTableViewCell.swift */,
				EA84F1362A4E7B5E0068623C /* GeneratedContentImageTableViewCell.swift */,
				EA84F13E2A4E7B5E0068623C /* ModelCollectionViewCell.swift */,
				EA84F1412A4E7B5E0068623C /* ModelTableViewCell.swift */,
				EA84F13B2A4E7B5E0068623C /* NetworkConnectionTableViewCell.swift */,
				EA84F1422A4E7B5E0068623C /* NetworkTableViewCell.swift */,
				EA84F13C2A4E7B5E0068623C /* ObjectCreatorTableViewCell.swift */,
				EA84F13D2A4E7B5E0068623C /* ObjectDescriptionTableViewCell.swift */,
				EA84F1392A4E7B5E0068623C /* ObjectInfoTableViewCell.swift */,
				EA84F13A2A4E7B5E0068623C /* ObjectProductLinkTableViewCell.swift */,
				EA84F1442A4E7B5E0068623C /* StyleTableViewCell.swift */,
				EA84F1432A4E7B5E0068623C /* UploadContentTableViewCell.swift */,
			);
			path = TableViewCells;
			sourceTree = "<group>";
		};
/* End PBXGroup section */

/* Begin PBXNativeTarget section */
		EA84F0C52A4E78B10068623C /* BlueprintVisionInternal */ = {
			isa = PBXNativeTarget;
			buildConfigurationList = EA84F0E42A4E78B20068623C /* Build configuration list for PBXNativeTarget "BlueprintVisionInternal" */;
			buildPhases = (
				EA84F0C22A4E78B10068623C /* Sources */,
				EA84F0C32A4E78B10068623C /* Frameworks */,
				EA84F0C42A4E78B10068623C /* Resources */,
			);
			buildRules = (
			);
			dependencies = (
			);
			name = BlueprintVisionInternal;
			packageProductDependencies = (
				EA84F0CB2A4E78B10068623C /* RealityKitContent */,
				897E17EA2AB0A27C008CCFC3 /* Geohasher */,
				896F13352ACCEAB1007733D3 /* FirebaseAuth */,
				896F13372ACCEAB1007733D3 /* FirebaseFirestore */,
				896F13392ACCEAB1007733D3 /* FirebaseFirestoreSwift */,
				896F133B2ACCEAB1007733D3 /* FirebaseStorage */,
			);
			productName = BlueprintVisionInternal;
			productReference = EA84F0C62A4E78B10068623C /* BlueprintVisionInternal.app */;
			productType = "com.apple.product-type.application";
		};
		EA84F0DB2A4E78B20068623C /* BlueprintVisionInternalTests */ = {
			isa = PBXNativeTarget;
			buildConfigurationList = EA84F0E72A4E78B20068623C /* Build configuration list for PBXNativeTarget "BlueprintVisionInternalTests" */;
			buildPhases = (
				EA84F0D82A4E78B20068623C /* Sources */,
				EA84F0D92A4E78B20068623C /* Frameworks */,
				EA84F0DA2A4E78B20068623C /* Resources */,
			);
			buildRules = (
			);
			dependencies = (
				EA84F0DE2A4E78B20068623C /* PBXTargetDependency */,
			);
			name = BlueprintVisionInternalTests;
			productName = BlueprintVisionInternalTests;
			productReference = EA84F0DC2A4E78B20068623C /* BlueprintVisionInternalTests.xctest */;
			productType = "com.apple.product-type.bundle.unit-test";
		};
/* End PBXNativeTarget section */

/* Begin PBXProject section */
		EA84F0BE2A4E78B10068623C /* Project object */ = {
			isa = PBXProject;
			attributes = {
				BuildIndependentTargetsInParallel = 1;
				LastSwiftUpdateCheck = 1500;
				LastUpgradeCheck = 1500;
				TargetAttributes = {
					EA84F0C52A4E78B10068623C = {
						CreatedOnToolsVersion = 15.0;
					};
					EA84F0DB2A4E78B20068623C = {
						CreatedOnToolsVersion = 15.0;
						TestTargetID = EA84F0C52A4E78B10068623C;
					};
				};
			};
			buildConfigurationList = EA84F0C12A4E78B10068623C /* Build configuration list for PBXProject "BlueprintVisionInternal" */;
			compatibilityVersion = "Xcode 14.0";
			developmentRegion = en;
			hasScannedForEncodings = 0;
			knownRegions = (
				en,
				Base,
			);
			mainGroup = EA84F0BD2A4E78B10068623C;
			packageReferences = (
				897E17E92AB0A27C008CCFC3 /* XCRemoteSwiftPackageReference "Geohasher" */,
				896F13342ACCEAB1007733D3 /* XCRemoteSwiftPackageReference "firebase-ios-sdk" */,
				89D9F0E92ADDA6C4004727C5 /* XCRemoteSwiftPackageReference "GoogleSignIn-iOS" */,
			);
			productRefGroup = EA84F0C72A4E78B10068623C /* Products */;
			projectDirPath = "";
			projectRoot = "";
			targets = (
				EA84F0C52A4E78B10068623C /* BlueprintVisionInternal */,
				EA84F0DB2A4E78B20068623C /* BlueprintVisionInternalTests */,
			);
		};
/* End PBXProject section */

/* Begin PBXResourcesBuildPhase section */
		EA84F0C42A4E78B10068623C /* Resources */ = {
			isa = PBXResourcesBuildPhase;
			buildActionMask = 2147483647;
			files = (
				8908ADAA2AD4B1D700BC485B /* F6452BE8-8F9E-4F1A-BD85-D5BD3F794317_4_5005_c.jpeg in Resources */,
				EA84F0D72A4E78B20068623C /* Preview Assets.xcassets in Resources */,
				897E17FD2AC4C9F6008CCFC3 /* 360_vr_master_series___free_download___crystal_shower_falls (2160p).mp4 in Resources */,
				89D9F0F12AE17974004727C5 /* crystal_shower_falls.mp3 in Resources */,
				89F185B42A94ED9300B17D18 /* newocclusion.usdz in Resources */,
				897A9F8E2A69E288000838BA /* GoogleService-Info.plist in Resources */,
				898E76CA2A746F5D00D13B4A /* beachcube.usdz in Resources */,
				89F22EE12A5F4BF600918396 /* César - Louvre Museum.usdz in Resources */,
				897E17FB2AC4884B008CCFC3 /* bryan-goff-IuyhXAia8EA-unsplash.jpg in Resources */,
				89CE28AA2A93A8670008CEEB /* 360_vr_master_series___free_download____pebbly_beach_headland (2160p).mp4 in Resources */,
				8933F6D52A71F9DC007BF3A4 /* Sunlight.skybox in Resources */,
				898413CC2A847377007870FB /* Immersiveusdz.usdz in Resources */,
				89B923462A585D5400712970 /* wall.usdz in Resources */,
				898E76C82A746C4800D13B4A /* newbeach.usdz in Resources */,
				89F22EDB2A5F1D9D00918396 /* tower_bridge.mp4 in Resources */,
				EA84F0D42A4E78B20068623C /* Assets.xcassets in Resources */,
			);
			runOnlyForDeploymentPostprocessing = 0;
		};
		EA84F0DA2A4E78B20068623C /* Resources */ = {
			isa = PBXResourcesBuildPhase;
			buildActionMask = 2147483647;
			files = (
			);
			runOnlyForDeploymentPostprocessing = 0;
		};
/* End PBXResourcesBuildPhase section */

/* Begin PBXSourcesBuildPhase section */
		EA84F0C22A4E78B10068623C /* Sources */ = {
			isa = PBXSourcesBuildPhase;
			buildActionMask = 2147483647;
			files = (
				898CE0E72A7B30CE00EF823C /* EditContentPriceView.swift in Sources */,
				89FBFE902AABD6F200570CEF /* EditTabBarView.swift in Sources */,
				8959F6872A7C50DA00AB3F5C /* LegacyTextField.swift in Sources */,
				EA84F1242A4E7B040068623C /* FirebaseStorageHelper.swift in Sources */,
				8971B4852A8D696D00F682F5 /* ChecklistView.swift in Sources */,
				EA84F1492A4E7B5E0068623C /* ObjectInfoTableViewCell.swift in Sources */,
				89D9F0E62AD9C0D4004727C5 /* ObjectWebsiteView.swift in Sources */,
				897E18082AC86B51008CCFC3 /* ARKitViewModel.swift in Sources */,
				89B779FE2A7581B400C379D3 /* VolumetricSceneDelegate.swift in Sources */,
				89D744902AA7FE31002C5318 /* PortalsLibraryListView.swift in Sources */,
				EA84F11E2A4E7AD10068623C /* SubscriptionView.swift in Sources */,
				898CE0E32A7B2D3300EF823C /* ObjectSettingsView.swift in Sources */,
				89D9F0E02AD82E93004727C5 /* PhotoAssetCollection.swift in Sources */,
				899137222A881A3D005523FE /* InventoryFormView.swift in Sources */,
				EA84F1532A4E7B5E0068623C /* UploadContentTableViewCell.swift in Sources */,
				895343442A9B81140036B877 /* OnboardingFinishView.swift in Sources */,
				EA84F1542A4E7B5E0068623C /* StyleTableViewCell.swift in Sources */,
				89D9F0D32AD82D2D004727C5 /* DataModel.swift in Sources */,
				EA84F10B2A4E7AB00068623C /* UserSettingsView.swift in Sources */,
				89D7447C2AA4D61A002C5318 /* NotesView.swift in Sources */,
				896254DA2A7189CC00B448FC /* HomeModuleCard.swift in Sources */,
				89D9F0D52AD82D3A004727C5 /* PhotoCollection.swift in Sources */,
				EA8AB91B2A539EB8008B2A3F /* CreateBlueprintView.swift in Sources */,
				89D7448E2AA7F34E002C5318 /* StoreView.swift in Sources */,
				8908ADA82AD2F28300BC485B /* Session.swift in Sources */,
				898CE0E92A7C120200EF823C /* Page.swift in Sources */,
				89F185C72A966B1900B17D18 /* PhotoLibraryView.swift in Sources */,
				EA84F1342A4E7B250068623C /* User.swift in Sources */,
				89B77A002A75856500C379D3 /* VVUSceneDelegate.swift in Sources */,
				898CE0E12A7ACF5E00EF823C /* UserBlueprintsListView.swift in Sources */,
				89083D6A2A75E42C0077264F /* SubscriptionViewModel.swift in Sources */,
				89EB09612A9A5DA30013211B /* OnboardingObjectView.swift in Sources */,
				89E67F822A71C86500EE00F5 /* VolumetricPortalView.swift in Sources */,
				EA84F14B2A4E7B5E0068623C /* NetworkConnectionTableViewCell.swift in Sources */,
				897E18022AC5D7C5008CCFC3 /* ARKitSessionManager.swift in Sources */,
				EA84F1182A4E7AC90068623C /* ForgotPasswordView.swift in Sources */,
				896118F02A7861A0006A84C0 /* EditBlueprintPasswordView.swift in Sources */,
				89D9F0E42AD82EAA004727C5 /* Camera.swift in Sources */,
				EA84F1502A4E7B5E0068623C /* AskToJoinTableViewCell.swift in Sources */,
				EA84F0FC2A4E7A7E0068623C /* PlaceBlueprintInstructionsView.swift in Sources */,
				89D9F0D12AD82D28004727C5 /* CachedImageManager.swift in Sources */,
				EA84F1512A4E7B5E0068623C /* ModelTableViewCell.swift in Sources */,
				EA37BDAF2A5092F10038EF61 /* ObjectView.swift in Sources */,
				891D92172ACC83D700B9EECA /* InventoryNotificationView.swift in Sources */,
				EA84F0F62A4E7A5A0068623C /* LaunchView.swift in Sources */,
				89D744862AA4FAE8002C5318 /* SelectedPhotoView.swift in Sources */,
				899137212A881A3D005523FE /* InventoryFormVM.swift in Sources */,
				EA84F14F2A4E7B5E0068623C /* CategoryTableViewCell.swift in Sources */,
				89D7448A2AA7B120002C5318 /* UploadPortalVM.swift in Sources */,
				896118F42A786609006A84C0 /* EditBlueprintNameView.swift in Sources */,
				897E17F52ABC7636008CCFC3 /* UserSubscriptionView.swift in Sources */,
				898413BC2A8146A5007870FB /* EditContentNameView.swift in Sources */,
				894F98112A5C644C00E3E25D /* PortalsListView.swift in Sources */,
				896118F22A786480006A84C0 /* EnterBlueprintPasswordView.swift in Sources */,
				EA84F11B2A4E7AC90068623C /* CreateUsernameView.swift in Sources */,
				89F185B62A950E3800B17D18 /* Portal.swift in Sources */,
				895343462A9C16E20036B877 /* OnboardingNotesView.swift in Sources */,
				EA84F14E2A4E7B5E0068623C /* ModelCollectionViewCell.swift in Sources */,
				89F185C32A957C5D00B17D18 /* InventoryView.swift in Sources */,
				897E18002AC5C08B008CCFC3 /* InteractiveObject.swift in Sources */,
				897E17F32ABB5B0A008CCFC3 /* TimerManager.swift in Sources */,
				89D9F0D92AD82DDA004727C5 /* PhotoView.swift in Sources */,
				EA84F1462A4E7B5E0068623C /* GeneratedContentImageTableViewCell.swift in Sources */,
				EA84F0CE2A4E78B10068623C /* BlueprintVisionInternalApp.swift in Sources */,
				EA84F11C2A4E7AC90068623C /* SignUpView.swift in Sources */,
				899137262A881A61005523FE /* ImagePicker.swift in Sources */,
				EA84F10D2A4E7AB00068623C /* UserProfileView.swift in Sources */,
				89D9F0DD2AD82E05004727C5 /* PhotoAsset.swift in Sources */,
				89F185C52A96538A00B17D18 /* TabBarView.swift in Sources */,
				EA84F1252A4E7B040068623C /* FirebaseAuthHelper.swift in Sources */,
				89245DC82A749DF100930D1D /* PortalView.swift in Sources */,
				EA84F11A2A4E7AC90068623C /* LogInView.swift in Sources */,
				89D744812AA4D67A002C5318 /* GrowingTextInputView.swift in Sources */,
				EA84F1322A4E7B250068623C /* Anchor.swift in Sources */,
				EA37BDB52A52165B0038EF61 /* HomeView.swift in Sources */,
				EA84F12F2A4E7B250068623C /* Texture.swift in Sources */,
				89D9F0E82ADCAB0C004727C5 /* CommunityBlueprintsView.swift in Sources */,
				EA37BDAC2A508AD80038EF61 /* TypeTextModifier.swift in Sources */,
				EA84F1482A4E7B5E0068623C /* CreatePersonalNetworkTableViewCell.swift in Sources */,
				896F133E2ACDAF95007733D3 /* ObjectsNotificationView.swift in Sources */,
				EA84F1262A4E7B040068623C /* FirestoreManager.swift in Sources */,
				EA84F1572A4E7CBD0068623C /* Module.swift in Sources */,
				897E18042AC67DCA008CCFC3 /* simd_float4x4+Coordinate.swift in Sources */,
				EA84F10E2A4E7AB00068623C /* EditUserProfileView.swift in Sources */,
				89EB09552A97AB5D0013211B /* MinimizedTabBarView.swift in Sources */,
				EA37BDAD2A508AD80038EF61 /* PlacementGesturesModifier.swift in Sources */,
				EA84F1302A4E7B250068623C /* Style.swift in Sources */,
				89D7447A2AA3DA03002C5318 /* StoreVM.swift in Sources */,
				EA84F14A2A4E7B5E0068623C /* ObjectProductLinkTableViewCell.swift in Sources */,
				898CE0E52A7B30A000EF823C /* EditContentDescriptionView.swift in Sources */,
				EA84F1472A4E7B5E0068623C /* DownloadContentTableViewCell.swift in Sources */,
				89EB09592A97C31F0013211B /* OnboardingView.swift in Sources */,
				899137282A89867F005523FE /* CreditsView.swift in Sources */,
				891D92152ACBEF5900B9EECA /* BlueprintStorageNotificationView.swift in Sources */,
				8950F37E2A8EBCE90009D9EB /* OnboardingManager.swift in Sources */,
				89D9F0F92AE707F8004727C5 /* ConnectToBlueprintNotificationView.swift in Sources */,
				89D9F0D72AD82D78004727C5 /* PhotoCollectionView.swift in Sources */,
				EA84F0D22A4E78B10068623C /* ImmersiveView.swift in Sources */,
				EA84F14D2A4E7B5E0068623C /* ObjectDescriptionTableViewCell.swift in Sources */,
				EA84F1522A4E7B5E0068623C /* NetworkTableViewCell.swift in Sources */,
				89D7448C2AA7EE11002C5318 /* ObjectsListView.swift in Sources */,
				EA84F1192A4E7AC90068623C /* CreateAccountView.swift in Sources */,
				EA84F1592A4E7CE70068623C /* ModuleCard.swift in Sources */,
				EA84F0FD2A4E7A7E0068623C /* VolumetricObjectView.swift in Sources */,
				EA84F1112A4E7AB00068623C /* SearchView.swift in Sources */,
				EA84F1102A4E7AB00068623C /* EditBlueprintView.swift in Sources */,
				EA37BDAB2A508AD80038EF61 /* DragRotationModifier.swift in Sources */,
				897E17F92ABF7469008CCFC3 /* BillingView.swift in Sources */,
				EA84F1552A4E7B5E0068623C /* BrowseTableViewCell.swift in Sources */,
				898CE0EB2A7C120900EF823C /* CustomSizeWindow.swift in Sources */,
				897E17ED2AB0AB42008CCFC3 /* BlueprintSelection.swift in Sources */,
				89EB095F2A995E7D0013211B /* OnboardingPortalView.swift in Sources */,
				898CE0ED2A7C121200EF823C /* OrnamentAlignment.swift in Sources */,
				89E67F732A71C08700EE00F5 /* PortalProfileView.swift in Sources */,
				89D9F0DB2AD82DF4004727C5 /* PhotoItemView.swift in Sources */,
				899137242A881A51005523FE /* InventoryItem.swift in Sources */,
				89D9F0E22AD82E9B004727C5 /* PhotoLibrary.swift in Sources */,
				EA84F1332A4E7B250068623C /* Blueprint.swift in Sources */,
				EA84F1312A4E7B250068623C /* Model.swift in Sources */,
				89D744822AA4D67A002C5318 /* TextViewWrapper.swift in Sources */,
				89D744882AA7B106002C5318 /* UploadPortalView.swift in Sources */,
				89F185C12A957C0200B17D18 /* BlueprintsView.swift in Sources */,
				89B923402A584BF300712970 /* BlueprintSettingsView.swift in Sources */,
				89EB095B2A97CF890013211B /* WelcomeView.swift in Sources */,
				89D7447E2AA4D626002C5318 /* CreatedNoteView.swift in Sources */,
				897E17F12ABB248C008CCFC3 /* Test.swift in Sources */,
				EA84F10A2A4E7AB00068623C /* ObjectProfileView.swift in Sources */,
				89D9F0EF2ADEE3DD004727C5 /* Photo.swift in Sources */,
				897E17EF2AB0E7FD008CCFC3 /* Note.swift in Sources */,
				897E17F72ABD0909008CCFC3 /* ReportProblemView.swift in Sources */,
				89D744922AA803E7002C5318 /* ObjectsLibraryListView.swift in Sources */,
				89EB09572A97ABE10013211B /* MinimizedBlueprintView.swift in Sources */,
				EA84F14C2A4E7B5E0068623C /* ObjectCreatorTableViewCell.swift in Sources */,
				EA84F1272A4E7B040068623C /* StorageManager.swift in Sources */,
			);
			runOnlyForDeploymentPostprocessing = 0;
		};
		EA84F0D82A4E78B20068623C /* Sources */ = {
			isa = PBXSourcesBuildPhase;
			buildActionMask = 2147483647;
			files = (
				EA84F0E12A4E78B20068623C /* BlueprintVisionInternalTests.swift in Sources */,
			);
			runOnlyForDeploymentPostprocessing = 0;
		};
/* End PBXSourcesBuildPhase section */

/* Begin PBXTargetDependency section */
		EA84F0DE2A4E78B20068623C /* PBXTargetDependency */ = {
			isa = PBXTargetDependency;
			target = EA84F0C52A4E78B10068623C /* BlueprintVisionInternal */;
			targetProxy = EA84F0DD2A4E78B20068623C /* PBXContainerItemProxy */;
		};
/* End PBXTargetDependency section */

/* Begin XCBuildConfiguration section */
		EA84F0E22A4E78B20068623C /* Debug */ = {
			isa = XCBuildConfiguration;
			buildSettings = {
				ALWAYS_SEARCH_USER_PATHS = NO;
				ASSETCATALOG_COMPILER_GENERATE_SWIFT_ASSET_SYMBOL_EXTENSIONS = YES;
				CLANG_ANALYZER_NONNULL = YES;
				CLANG_ANALYZER_NUMBER_OBJECT_CONVERSION = YES_AGGRESSIVE;
				CLANG_CXX_LANGUAGE_STANDARD = "gnu++20";
				CLANG_ENABLE_MODULES = YES;
				CLANG_ENABLE_OBJC_ARC = YES;
				CLANG_ENABLE_OBJC_WEAK = YES;
				CLANG_WARN_BLOCK_CAPTURE_AUTORELEASING = YES;
				CLANG_WARN_BOOL_CONVERSION = YES;
				CLANG_WARN_COMMA = YES;
				CLANG_WARN_CONSTANT_CONVERSION = YES;
				CLANG_WARN_DEPRECATED_OBJC_IMPLEMENTATIONS = YES;
				CLANG_WARN_DIRECT_OBJC_ISA_USAGE = YES_ERROR;
				CLANG_WARN_DOCUMENTATION_COMMENTS = YES;
				CLANG_WARN_EMPTY_BODY = YES;
				CLANG_WARN_ENUM_CONVERSION = YES;
				CLANG_WARN_INFINITE_RECURSION = YES;
				CLANG_WARN_INT_CONVERSION = YES;
				CLANG_WARN_NON_LITERAL_NULL_CONVERSION = YES;
				CLANG_WARN_OBJC_IMPLICIT_RETAIN_SELF = YES;
				CLANG_WARN_OBJC_LITERAL_CONVERSION = YES;
				CLANG_WARN_OBJC_ROOT_CLASS = YES_ERROR;
				CLANG_WARN_QUOTED_INCLUDE_IN_FRAMEWORK_HEADER = YES;
				CLANG_WARN_RANGE_LOOP_ANALYSIS = YES;
				CLANG_WARN_STRICT_PROTOTYPES = YES;
				CLANG_WARN_SUSPICIOUS_MOVE = YES;
				CLANG_WARN_UNGUARDED_AVAILABILITY = YES_AGGRESSIVE;
				CLANG_WARN_UNREACHABLE_CODE = YES;
				CLANG_WARN__DUPLICATE_METHOD_MATCH = YES;
				COPY_PHASE_STRIP = NO;
				DEBUG_INFORMATION_FORMAT = dwarf;
				ENABLE_STRICT_OBJC_MSGSEND = YES;
				ENABLE_TESTABILITY = YES;
				ENABLE_USER_SCRIPT_SANDBOXING = YES;
				GCC_C_LANGUAGE_STANDARD = gnu17;
				GCC_DYNAMIC_NO_PIC = NO;
				GCC_NO_COMMON_BLOCKS = YES;
				GCC_OPTIMIZATION_LEVEL = 0;
				GCC_PREPROCESSOR_DEFINITIONS = (
					"DEBUG=1",
					"$(inherited)",
				);
				GCC_WARN_64_TO_32_BIT_CONVERSION = YES;
				GCC_WARN_ABOUT_RETURN_TYPE = YES_ERROR;
				GCC_WARN_UNDECLARED_SELECTOR = YES;
				GCC_WARN_UNINITIALIZED_AUTOS = YES_AGGRESSIVE;
				GCC_WARN_UNUSED_FUNCTION = YES;
				GCC_WARN_UNUSED_VARIABLE = YES;
				LOCALIZATION_PREFERS_STRING_CATALOGS = YES;
				MTL_ENABLE_DEBUG_INFO = INCLUDE_SOURCE;
				MTL_FAST_MATH = YES;
				ONLY_ACTIVE_ARCH = YES;
				SDKROOT = xros;
				SWIFT_ACTIVE_COMPILATION_CONDITIONS = "DEBUG $(inherited)";
				SWIFT_OPTIMIZATION_LEVEL = "-Onone";
				XROS_DEPLOYMENT_TARGET = 1.0;
			};
			name = Debug;
		};
		EA84F0E32A4E78B20068623C /* Release */ = {
			isa = XCBuildConfiguration;
			buildSettings = {
				ALWAYS_SEARCH_USER_PATHS = NO;
				ASSETCATALOG_COMPILER_GENERATE_SWIFT_ASSET_SYMBOL_EXTENSIONS = YES;
				CLANG_ANALYZER_NONNULL = YES;
				CLANG_ANALYZER_NUMBER_OBJECT_CONVERSION = YES_AGGRESSIVE;
				CLANG_CXX_LANGUAGE_STANDARD = "gnu++20";
				CLANG_ENABLE_MODULES = YES;
				CLANG_ENABLE_OBJC_ARC = YES;
				CLANG_ENABLE_OBJC_WEAK = YES;
				CLANG_WARN_BLOCK_CAPTURE_AUTORELEASING = YES;
				CLANG_WARN_BOOL_CONVERSION = YES;
				CLANG_WARN_COMMA = YES;
				CLANG_WARN_CONSTANT_CONVERSION = YES;
				CLANG_WARN_DEPRECATED_OBJC_IMPLEMENTATIONS = YES;
				CLANG_WARN_DIRECT_OBJC_ISA_USAGE = YES_ERROR;
				CLANG_WARN_DOCUMENTATION_COMMENTS = YES;
				CLANG_WARN_EMPTY_BODY = YES;
				CLANG_WARN_ENUM_CONVERSION = YES;
				CLANG_WARN_INFINITE_RECURSION = YES;
				CLANG_WARN_INT_CONVERSION = YES;
				CLANG_WARN_NON_LITERAL_NULL_CONVERSION = YES;
				CLANG_WARN_OBJC_IMPLICIT_RETAIN_SELF = YES;
				CLANG_WARN_OBJC_LITERAL_CONVERSION = YES;
				CLANG_WARN_OBJC_ROOT_CLASS = YES_ERROR;
				CLANG_WARN_QUOTED_INCLUDE_IN_FRAMEWORK_HEADER = YES;
				CLANG_WARN_RANGE_LOOP_ANALYSIS = YES;
				CLANG_WARN_STRICT_PROTOTYPES = YES;
				CLANG_WARN_SUSPICIOUS_MOVE = YES;
				CLANG_WARN_UNGUARDED_AVAILABILITY = YES_AGGRESSIVE;
				CLANG_WARN_UNREACHABLE_CODE = YES;
				CLANG_WARN__DUPLICATE_METHOD_MATCH = YES;
				COPY_PHASE_STRIP = NO;
				DEBUG_INFORMATION_FORMAT = "dwarf-with-dsym";
				ENABLE_NS_ASSERTIONS = NO;
				ENABLE_STRICT_OBJC_MSGSEND = YES;
				ENABLE_USER_SCRIPT_SANDBOXING = YES;
				GCC_C_LANGUAGE_STANDARD = gnu17;
				GCC_NO_COMMON_BLOCKS = YES;
				GCC_WARN_64_TO_32_BIT_CONVERSION = YES;
				GCC_WARN_ABOUT_RETURN_TYPE = YES_ERROR;
				GCC_WARN_UNDECLARED_SELECTOR = YES;
				GCC_WARN_UNINITIALIZED_AUTOS = YES_AGGRESSIVE;
				GCC_WARN_UNUSED_FUNCTION = YES;
				GCC_WARN_UNUSED_VARIABLE = YES;
				LOCALIZATION_PREFERS_STRING_CATALOGS = YES;
				MTL_ENABLE_DEBUG_INFO = NO;
				MTL_FAST_MATH = YES;
				SDKROOT = xros;
				SWIFT_COMPILATION_MODE = wholemodule;
				VALIDATE_PRODUCT = YES;
				XROS_DEPLOYMENT_TARGET = 1.0;
			};
			name = Release;
		};
		EA84F0E52A4E78B20068623C /* Debug */ = {
			isa = XCBuildConfiguration;
			buildSettings = {
				ASSETCATALOG_COMPILER_APPICON_NAME = AppIcon;
				ASSETCATALOG_COMPILER_GLOBAL_ACCENT_COLOR_NAME = AccentColor;
				CODE_SIGN_ENTITLEMENTS = BlueprintVisionInternal/BlueprintVisionInternal.entitlements;
				CODE_SIGN_STYLE = Automatic;
				CURRENT_PROJECT_VERSION = 1;
				DEVELOPMENT_ASSET_PATHS = "\"BlueprintVisionInternal/Preview Content\"";
				DEVELOPMENT_TEAM = 6ZTS4C5F38;
				ENABLE_PREVIEWS = YES;
				GENERATE_INFOPLIST_FILE = YES;
				INFOPLIST_FILE = BlueprintVisionInternal/Info.plist;
				INFOPLIST_KEY_CFBundleDisplayName = Blueprint;
				INFOPLIST_KEY_LSApplicationCategoryType = "public.app-category.utilities";
				INFOPLIST_KEY_NSLocationUsageDescription = "Blueprint needs this";
				INFOPLIST_KEY_NSPhotoLibraryUsageDescription = "Blueprint needs this";
				INFOPLIST_KEY_NSUserTrackingUsageDescription = "Blueprint requires location in order to find and place content!";
				INFOPLIST_KEY_UIApplicationSceneManifest_Generation = YES;
				IPHONEOS_DEPLOYMENT_TARGET = 17.0;
				LD_RUNPATH_SEARCH_PATHS = (
					"$(inherited)",
					"@executable_path/Frameworks",
				);
				MARKETING_VERSION = 1.0;
				PRODUCT_BUNDLE_IDENTIFIER = Public.BlueprintVisionInternal;
				PRODUCT_NAME = "$(TARGET_NAME)";
				SUPPORTED_PLATFORMS = "iphoneos iphonesimulator xros xrsimulator";
				SUPPORTS_MACCATALYST = NO;
				SWIFT_EMIT_LOC_STRINGS = YES;
				SWIFT_VERSION = 5.0;
				TARGETED_DEVICE_FAMILY = "1,2,7";
			};
			name = Debug;
		};
		EA84F0E62A4E78B20068623C /* Release */ = {
			isa = XCBuildConfiguration;
			buildSettings = {
				ASSETCATALOG_COMPILER_APPICON_NAME = AppIcon;
				ASSETCATALOG_COMPILER_GLOBAL_ACCENT_COLOR_NAME = AccentColor;
				CODE_SIGN_ENTITLEMENTS = BlueprintVisionInternal/BlueprintVisionInternal.entitlements;
				CODE_SIGN_STYLE = Automatic;
				CURRENT_PROJECT_VERSION = 1;
				DEVELOPMENT_ASSET_PATHS = "\"BlueprintVisionInternal/Preview Content\"";
				DEVELOPMENT_TEAM = 6ZTS4C5F38;
				ENABLE_PREVIEWS = YES;
				GENERATE_INFOPLIST_FILE = YES;
				INFOPLIST_FILE = BlueprintVisionInternal/Info.plist;
				INFOPLIST_KEY_CFBundleDisplayName = Blueprint;
				INFOPLIST_KEY_LSApplicationCategoryType = "public.app-category.utilities";
				INFOPLIST_KEY_NSLocationUsageDescription = "Blueprint needs this";
				INFOPLIST_KEY_NSPhotoLibraryUsageDescription = "Blueprint needs this";
				INFOPLIST_KEY_NSUserTrackingUsageDescription = "Blueprint requires location in order to find and place content!";
				INFOPLIST_KEY_UIApplicationSceneManifest_Generation = YES;
				IPHONEOS_DEPLOYMENT_TARGET = 17.0;
				LD_RUNPATH_SEARCH_PATHS = (
					"$(inherited)",
					"@executable_path/Frameworks",
				);
				MARKETING_VERSION = 1.0;
				PRODUCT_BUNDLE_IDENTIFIER = Public.BlueprintVisionInternal;
				PRODUCT_NAME = "$(TARGET_NAME)";
				SUPPORTED_PLATFORMS = "iphoneos iphonesimulator xros xrsimulator";
				SUPPORTS_MACCATALYST = NO;
				SWIFT_EMIT_LOC_STRINGS = YES;
				SWIFT_VERSION = 5.0;
				TARGETED_DEVICE_FAMILY = "1,2,7";
			};
			name = Release;
		};
		EA84F0E82A4E78B20068623C /* Debug */ = {
			isa = XCBuildConfiguration;
			buildSettings = {
				ALWAYS_EMBED_SWIFT_STANDARD_LIBRARIES = YES;
				BUNDLE_LOADER = "$(TEST_HOST)";
				CODE_SIGN_STYLE = Automatic;
				CURRENT_PROJECT_VERSION = 1;
				DEVELOPMENT_TEAM = 6ZTS4C5F38;
				GENERATE_INFOPLIST_FILE = YES;
				MARKETING_VERSION = 1.0;
				PRODUCT_BUNDLE_IDENTIFIER = Public.BlueprintVisionInternalTests;
				PRODUCT_NAME = "$(TARGET_NAME)";
				SUPPORTED_PLATFORMS = "xros xrsimulator";
				SWIFT_EMIT_LOC_STRINGS = NO;
				SWIFT_VERSION = 5.0;
				TARGETED_DEVICE_FAMILY = "1,2,7";
				TEST_HOST = "$(BUILT_PRODUCTS_DIR)/BlueprintVisionInternal.app/$(BUNDLE_EXECUTABLE_FOLDER_PATH)/BlueprintVisionInternal";
				XROS_DEPLOYMENT_TARGET = 1.0;
			};
			name = Debug;
		};
		EA84F0E92A4E78B20068623C /* Release */ = {
			isa = XCBuildConfiguration;
			buildSettings = {
				ALWAYS_EMBED_SWIFT_STANDARD_LIBRARIES = YES;
				BUNDLE_LOADER = "$(TEST_HOST)";
				CODE_SIGN_STYLE = Automatic;
				CURRENT_PROJECT_VERSION = 1;
				DEVELOPMENT_TEAM = 6ZTS4C5F38;
				GENERATE_INFOPLIST_FILE = YES;
				MARKETING_VERSION = 1.0;
				PRODUCT_BUNDLE_IDENTIFIER = Public.BlueprintVisionInternalTests;
				PRODUCT_NAME = "$(TARGET_NAME)";
				SUPPORTED_PLATFORMS = "xros xrsimulator";
				SWIFT_EMIT_LOC_STRINGS = NO;
				SWIFT_VERSION = 5.0;
				TARGETED_DEVICE_FAMILY = "1,2,7";
				TEST_HOST = "$(BUILT_PRODUCTS_DIR)/BlueprintVisionInternal.app/$(BUNDLE_EXECUTABLE_FOLDER_PATH)/BlueprintVisionInternal";
				XROS_DEPLOYMENT_TARGET = 1.0;
			};
			name = Release;
		};
/* End XCBuildConfiguration section */

/* Begin XCConfigurationList section */
		EA84F0C12A4E78B10068623C /* Build configuration list for PBXProject "BlueprintVisionInternal" */ = {
			isa = XCConfigurationList;
			buildConfigurations = (
				EA84F0E22A4E78B20068623C /* Debug */,
				EA84F0E32A4E78B20068623C /* Release */,
			);
			defaultConfigurationIsVisible = 0;
			defaultConfigurationName = Release;
		};
		EA84F0E42A4E78B20068623C /* Build configuration list for PBXNativeTarget "BlueprintVisionInternal" */ = {
			isa = XCConfigurationList;
			buildConfigurations = (
				EA84F0E52A4E78B20068623C /* Debug */,
				EA84F0E62A4E78B20068623C /* Release */,
			);
			defaultConfigurationIsVisible = 0;
			defaultConfigurationName = Release;
		};
		EA84F0E72A4E78B20068623C /* Build configuration list for PBXNativeTarget "BlueprintVisionInternalTests" */ = {
			isa = XCConfigurationList;
			buildConfigurations = (
				EA84F0E82A4E78B20068623C /* Debug */,
				EA84F0E92A4E78B20068623C /* Release */,
			);
			defaultConfigurationIsVisible = 0;
			defaultConfigurationName = Release;
		};
/* End XCConfigurationList section */

/* Begin XCRemoteSwiftPackageReference section */
		896F13342ACCEAB1007733D3 /* XCRemoteSwiftPackageReference "firebase-ios-sdk" */ = {
			isa = XCRemoteSwiftPackageReference;
			repositoryURL = "https://github.com/firebase/firebase-ios-sdk";
			requirement = {
				kind = upToNextMinorVersion;
				minimumVersion = 10.14.0;
			};
		};
		897E17E92AB0A27C008CCFC3 /* XCRemoteSwiftPackageReference "Geohasher" */ = {
			isa = XCRemoteSwiftPackageReference;
			repositoryURL = "https://github.com/nenosllc/Geohasher.git";
			requirement = {
				kind = upToNextMajorVersion;
				minimumVersion = 1.2.1;
			};
		};
		89D9F0E92ADDA6C4004727C5 /* XCRemoteSwiftPackageReference "GoogleSignIn-iOS" */ = {
			isa = XCRemoteSwiftPackageReference;
			repositoryURL = "https://github.com/google/GoogleSignIn-iOS";
			requirement = {
				kind = upToNextMajorVersion;
				minimumVersion = 7.0.0;
			};
		};
/* End XCRemoteSwiftPackageReference section */

/* Begin XCSwiftPackageProductDependency section */
		896F13352ACCEAB1007733D3 /* FirebaseAuth */ = {
			isa = XCSwiftPackageProductDependency;
			package = 896F13342ACCEAB1007733D3 /* XCRemoteSwiftPackageReference "firebase-ios-sdk" */;
			productName = FirebaseAuth;
		};
		896F13372ACCEAB1007733D3 /* FirebaseFirestore */ = {
			isa = XCSwiftPackageProductDependency;
			package = 896F13342ACCEAB1007733D3 /* XCRemoteSwiftPackageReference "firebase-ios-sdk" */;
			productName = FirebaseFirestore;
		};
		896F13392ACCEAB1007733D3 /* FirebaseFirestoreSwift */ = {
			isa = XCSwiftPackageProductDependency;
			package = 896F13342ACCEAB1007733D3 /* XCRemoteSwiftPackageReference "firebase-ios-sdk" */;
			productName = FirebaseFirestoreSwift;
		};
		896F133B2ACCEAB1007733D3 /* FirebaseStorage */ = {
			isa = XCSwiftPackageProductDependency;
			package = 896F13342ACCEAB1007733D3 /* XCRemoteSwiftPackageReference "firebase-ios-sdk" */;
			productName = FirebaseStorage;
		};
		897E17EA2AB0A27C008CCFC3 /* Geohasher */ = {
			isa = XCSwiftPackageProductDependency;
			package = 897E17E92AB0A27C008CCFC3 /* XCRemoteSwiftPackageReference "Geohasher" */;
			productName = Geohasher;
		};
		EA84F0CB2A4E78B10068623C /* RealityKitContent */ = {
			isa = XCSwiftPackageProductDependency;
			productName = RealityKitContent;
		};
/* End XCSwiftPackageProductDependency section */
	};
	rootObject = EA84F0BE2A4E78B10068623C /* Project object */;
}
